
Microsoft Visual Studio Solution File, Format Version 12.00
# Visual Studio 15
VisualStudioVersion = 15.0.27703.2035
MinimumVisualStudioVersion = 10.0.40219.1
Project("{FAE04EC0-301F-11D3-BF4B-00C04F79EFBC}") = "P01.PokeMon", "P01.PokeMon\P01.PokeMon.csproj", "{A3245CEA-2802-40F0-B53A-54CB1A235C4E}"
EndProject
Project("{FAE04EC0-301F-11D3-BF4B-00C04F79EFBC}") = "P02.PokemonDon'tGo", "P02.PokemonDon'tGo\P02.PokemonDon'tGo.csproj", "{D1256F28-3D93-487A-BC77-B363BACF901F}"
EndProject
Project("{FAE04EC0-301F-11D3-BF4B-00C04F79EFBC}") = "P03.Regexmon", "P03.Regexmon\P03.Regexmon.csproj", "{D4F29C71-95AC-461C-9756-835203591CB8}"
EndProject
Project("{FAE04EC0-301F-11D3-BF4B-00C04F79EFBC}") = "P04.PokemonEvolution", "P04.PokemonEvolution\P04.PokemonEvolution.csproj", "{7CE33B7A-BCFE-4BE0-B4A5-9376F35FED13}"
EndProject
Global
	GlobalSection(SolutionConfigurationPlatforms) = preSolution
		Debug|Any CPU = Debug|Any CPU
		Release|Any CPU = Release|Any CPU
	EndGlobalSection
	GlobalSection(ProjectConfigurationPlatforms) = postSolution
		{A3245CEA-2802-40F0-B53A-54CB1A235C4E}.Debug|Any CPU.ActiveCfg = Debug|Any CPU
		{A3245CEA-2802-40F0-B53A-54CB1A235C4E}.Debug|Any CPU.Build.0 = Debug|Any CPU
		{A3245CEA-2802-40F0-B53A-54CB1A235C4E}.Release|Any CPU.ActiveCfg = Release|Any CPU
		{A3245CEA-2802-40F0-B53A-54CB1A235C4E}.Release|Any CPU.Build.0 = Release|Any CPU
		{D1256F28-3D93-487A-BC77-B363BACF901F}.Debug|Any CPU.ActiveCfg = Debug|Any CPU
		{D1256F28-3D93-487A-BC77-B363BACF901F}.Debug|Any CPU.Build.0 = Debug|Any CPU
		{D1256F28-3D93-487A-BC77-B363BACF901F}.Release|Any CPU.ActiveCfg = Release|Any CPU
		{D1256F28-3D93-487A-BC77-B363BACF901F}.Release|Any CPU.Build.0 = Release|Any CPU
		{D4F29C71-95AC-461C-9756-835203591CB8}.Debug|Any CPU.ActiveCfg = Debug|Any CPU
		{D4F29C71-95AC-461C-9756-835203591CB8}.Debug|Any CPU.Build.0 = Debug|Any CPU
		{D4F29C71-95AC-461C-9756-835203591CB8}.Release|Any CPU.ActiveCfg = Release|Any CPU
		{D4F29C71-95AC-461C-9756-835203591CB8}.Release|Any CPU.Build.0 = Release|Any CPU
		{7CE33B7A-BCFE-4BE0-B4A5-9376F35FED13}.Debug|Any CPU.ActiveCfg = Debug|Any CPU
		{7CE33B7A-BCFE-4BE0-B4A5-9376F35FED13}.Debug|Any CPU.Build.0 = Debug|Any CPU
		{7CE33B7A-BCFE-4BE0-B4A5-9376F35FED13}.Release|Any CPU.ActiveCfg = Release|Any CPU
		{7CE33B7A-BCFE-4BE0-B4A5-9376F35FED13}.Release|Any CPU.Build.0 = Release|Any CPU
	EndGlobalSection
	GlobalSection(SolutionProperties) = preSolution
		HideSolutionNode = FALSE
	EndGlobalSection
	GlobalSection(ExtensibilityGlobals) = postSolution
		SolutionGuid = {088BD679-489E-447C-99A5-0E5FB017ABEB}
	EndGlobalSection
EndGlobal
