
Microsoft Visual Studio Solution File, Format Version 12.00
# Visual Studio 15
VisualStudioVersion = 15.0.27703.2000
MinimumVisualStudioVersion = 10.0.40219.1
Project("{FAE04EC0-301F-11D3-BF4B-00C04F79EFBC}") = "P01.Greeting", "P01.Greeting\P01.Greeting.csproj", "{9826F9B4-18BC-406E-94F6-24CB89F0AFAD}"
EndProject
Project("{FAE04EC0-301F-11D3-BF4B-00C04F79EFBC}") = "P02.AddTwoNumbers", "P02.AddTwoNumbers\P02.AddTwoNumbers.csproj", "{ED09DD69-63A9-4CE5-B669-F0BCDD823B70}"
EndProject
Project("{FAE04EC0-301F-11D3-BF4B-00C04F79EFBC}") = "P03.EmployeeData", "P03.EmployeeData\P03.EmployeeData.csproj", "{D056DFF6-A641-4FD5-AAE6-5CDD6F5B5758}"
EndProject
Global
	GlobalSection(SolutionConfigurationPlatforms) = preSolution
		Debug|Any CPU = Debug|Any CPU
		Release|Any CPU = Release|Any CPU
	EndGlobalSection
	GlobalSection(ProjectConfigurationPlatforms) = postSolution
		{9826F9B4-18BC-406E-94F6-24CB89F0AFAD}.Debug|Any CPU.ActiveCfg = Debug|Any CPU
		{9826F9B4-18BC-406E-94F6-24CB89F0AFAD}.Debug|Any CPU.Build.0 = Debug|Any CPU
		{9826F9B4-18BC-406E-94F6-24CB89F0AFAD}.Release|Any CPU.ActiveCfg = Release|Any CPU
		{9826F9B4-18BC-406E-94F6-24CB89F0AFAD}.Release|Any CPU.Build.0 = Release|Any CPU
		{ED09DD69-63A9-4CE5-B669-F0BCDD823B70}.Debug|Any CPU.ActiveCfg = Debug|Any CPU
		{ED09DD69-63A9-4CE5-B669-F0BCDD823B70}.Debug|Any CPU.Build.0 = Debug|Any CPU
		{ED09DD69-63A9-4CE5-B669-F0BCDD823B70}.Release|Any CPU.ActiveCfg = Release|Any CPU
		{ED09DD69-63A9-4CE5-B669-F0BCDD823B70}.Release|Any CPU.Build.0 = Release|Any CPU
		{D056DFF6-A641-4FD5-AAE6-5CDD6F5B5758}.Debug|Any CPU.ActiveCfg = Debug|Any CPU
		{D056DFF6-A641-4FD5-AAE6-5CDD6F5B5758}.Debug|Any CPU.Build.0 = Debug|Any CPU
		{D056DFF6-A641-4FD5-AAE6-5CDD6F5B5758}.Release|Any CPU.ActiveCfg = Release|Any CPU
		{D056DFF6-A641-4FD5-AAE6-5CDD6F5B5758}.Release|Any CPU.Build.0 = Release|Any CPU
	EndGlobalSection
	GlobalSection(SolutionProperties) = preSolution
		HideSolutionNode = FALSE
	EndGlobalSection
	GlobalSection(ExtensibilityGlobals) = postSolution
		SolutionGuid = {D691EFD2-A8CD-4648-A432-2D579F813F45}
	EndGlobalSection
EndGlobal
