
Microsoft Visual Studio Solution File, Format Version 12.00
# Visual Studio 15
VisualStudioVersion = 15.0.27703.2000
MinimumVisualStudioVersion = 10.0.40219.1
Project("{9A19103F-16F7-4668-BE54-9A1E7A4F7556}") = "P01.PracticeIntegerNumbers", "P01.PracticeIntegerNumbers\P01.PracticeIntegerNumbers.csproj", "{2D5FD518-1CE0-41FA-9FEC-44C115624192}"
EndProject
Project("{9A19103F-16F7-4668-BE54-9A1E7A4F7556}") = "P02.PracticeFloatingPoints", "P02.PracticeFloatingPoints\P02.PracticeFloatingPoints.csproj", "{707A0A89-AAA7-4480-A40D-6739DD2897F6}"
EndProject
Project("{9A19103F-16F7-4668-BE54-9A1E7A4F7556}") = "P03.PracticeCharsAndStrings", "P03.PracticeCharsAndStrings\P03.PracticeCharsAndStrings.csproj", "{9903F2BA-4DC1-4175-B9EC-1D9F685F8753}"
EndProject
Project("{9A19103F-16F7-4668-BE54-9A1E7A4F7556}") = "P04.VariableInHexadecimalFormat", "P04.VariableInHexadecimalFormat\P04.VariableInHexadecimalFormat.csproj", "{9F64D503-C013-45B0-83C4-B5A937369D18}"
EndProject
Project("{9A19103F-16F7-4668-BE54-9A1E7A4F7556}") = "P05.BooleanVariable", "P05.BooleanVariable\P05.BooleanVariable.csproj", "{01A8B9D3-6301-44FB-93B3-DCA0D34E65D7}"
EndProject
Project("{9A19103F-16F7-4668-BE54-9A1E7A4F7556}") = "P06.StringsAndObjects", "P06.StringsAndObjects\P06.StringsAndObjects.csproj", "{D05884DC-D591-4E5D-8DBF-F15C4D406A85}"
EndProject
Project("{9A19103F-16F7-4668-BE54-9A1E7A4F7556}") = "P07.ExchangeVariableValues", "P07.ExchangeVariableValues\P07.ExchangeVariableValues.csproj", "{F9D75C37-8DF9-4834-B128-A294CC0C55F7}"
EndProject
Project("{9A19103F-16F7-4668-BE54-9A1E7A4F7556}") = "P08.EmployeeData", "P08.EmployeeData\P08.EmployeeData.csproj", "{359E7CEC-2441-462B-9C98-35990E7CACAC}"
EndProject
Project("{9A19103F-16F7-4668-BE54-9A1E7A4F7556}") = "P09.ReversedChars", "P09.ReversedChars\P09.ReversedChars.csproj", "{FA3934B4-6566-4FEE-BCA4-3D2036B315F2}"
EndProject
Project("{9A19103F-16F7-4668-BE54-9A1E7A4F7556}") = "P10.CenturiesToNanoseconds", "P10.CenturiesToNanoseconds\P10.CenturiesToNanoseconds.csproj", "{126BC3C2-DDBA-4A47-9D3B-B424D28D1D55}"
EndProject
Project("{9A19103F-16F7-4668-BE54-9A1E7A4F7556}") = "P11.ConvertSpeedUnits", "P11.ConvertSpeedUnits\P11.ConvertSpeedUnits.csproj", "{22DB2FE7-9C07-4CD8-9A8B-4642DE6E598D}"
EndProject
Project("{9A19103F-16F7-4668-BE54-9A1E7A4F7556}") = "P12.RectangleProperties", "P12.RectangleProperties\P12.RectangleProperties.csproj", "{4986FED2-0ACE-456F-AEEB-8DAD2B095920}"
EndProject
Project("{9A19103F-16F7-4668-BE54-9A1E7A4F7556}") = "P13.VowelOrDigit", "P13.VowelOrDigit\P13.VowelOrDigit.csproj", "{102F4226-007B-4DE0-A49A-BE7A9EBCB1BF}"
EndProject
Project("{9A19103F-16F7-4668-BE54-9A1E7A4F7556}") = "P14.IntegerToHexAndBinary", "P14.IntegerToHexAndBinary\P14.IntegerToHexAndBinary.csproj", "{43291B36-4377-45C3-98BE-167799C2B297}"
EndProject
Project("{9A19103F-16F7-4668-BE54-9A1E7A4F7556}") = "P16.ComparingFloats", "P16.ComparingFloats\P16.ComparingFloats.csproj", "{0BF5D0FF-DC9A-4FFA-B3C5-31EE425B7D71}"
EndProject
Project("{9A19103F-16F7-4668-BE54-9A1E7A4F7556}") = "P15.FastPrimeChecker", "P15.FastPrimeChecker\P15.FastPrimeChecker.csproj", "{92481523-90F4-49A7-B71A-E0FFE3A49084}"
EndProject
Project("{9A19103F-16F7-4668-BE54-9A1E7A4F7556}") = "P18.DifferentIntegersSize", "P18.DifferentIntegersSize\P18.DifferentIntegersSize.csproj", "{9B66D832-7CE2-41A1-899C-5B3EFDCB2469}"
EndProject
Project("{9A19103F-16F7-4668-BE54-9A1E7A4F7556}") = "P19.TheaThePhotographer", "P19.TheaThePhotographer\P19.TheaThePhotographer.csproj", "{935A115E-B484-4EA2-8734-919A9597645E}"
EndProject
Project("{FAE04EC0-301F-11D3-BF4B-00C04F79EFBC}") = "P17.PrintPartOfASCIITable", "P17.PrintPartOfASCIITable\P17.PrintPartOfASCIITable.csproj", "{30CD47B2-02D9-4E27-9A23-A6F4B456587F}"
EndProject
Global
	GlobalSection(SolutionConfigurationPlatforms) = preSolution
		Debug|Any CPU = Debug|Any CPU
		Release|Any CPU = Release|Any CPU
	EndGlobalSection
	GlobalSection(ProjectConfigurationPlatforms) = postSolution
		{2D5FD518-1CE0-41FA-9FEC-44C115624192}.Debug|Any CPU.ActiveCfg = Debug|Any CPU
		{2D5FD518-1CE0-41FA-9FEC-44C115624192}.Debug|Any CPU.Build.0 = Debug|Any CPU
		{2D5FD518-1CE0-41FA-9FEC-44C115624192}.Release|Any CPU.ActiveCfg = Release|Any CPU
		{2D5FD518-1CE0-41FA-9FEC-44C115624192}.Release|Any CPU.Build.0 = Release|Any CPU
		{707A0A89-AAA7-4480-A40D-6739DD2897F6}.Debug|Any CPU.ActiveCfg = Debug|Any CPU
		{707A0A89-AAA7-4480-A40D-6739DD2897F6}.Debug|Any CPU.Build.0 = Debug|Any CPU
		{707A0A89-AAA7-4480-A40D-6739DD2897F6}.Release|Any CPU.ActiveCfg = Release|Any CPU
		{707A0A89-AAA7-4480-A40D-6739DD2897F6}.Release|Any CPU.Build.0 = Release|Any CPU
		{9903F2BA-4DC1-4175-B9EC-1D9F685F8753}.Debug|Any CPU.ActiveCfg = Debug|Any CPU
		{9903F2BA-4DC1-4175-B9EC-1D9F685F8753}.Debug|Any CPU.Build.0 = Debug|Any CPU
		{9903F2BA-4DC1-4175-B9EC-1D9F685F8753}.Release|Any CPU.ActiveCfg = Release|Any CPU
		{9903F2BA-4DC1-4175-B9EC-1D9F685F8753}.Release|Any CPU.Build.0 = Release|Any CPU
		{9F64D503-C013-45B0-83C4-B5A937369D18}.Debug|Any CPU.ActiveCfg = Debug|Any CPU
		{9F64D503-C013-45B0-83C4-B5A937369D18}.Debug|Any CPU.Build.0 = Debug|Any CPU
		{9F64D503-C013-45B0-83C4-B5A937369D18}.Release|Any CPU.ActiveCfg = Release|Any CPU
		{9F64D503-C013-45B0-83C4-B5A937369D18}.Release|Any CPU.Build.0 = Release|Any CPU
		{01A8B9D3-6301-44FB-93B3-DCA0D34E65D7}.Debug|Any CPU.ActiveCfg = Debug|Any CPU
		{01A8B9D3-6301-44FB-93B3-DCA0D34E65D7}.Debug|Any CPU.Build.0 = Debug|Any CPU
		{01A8B9D3-6301-44FB-93B3-DCA0D34E65D7}.Release|Any CPU.ActiveCfg = Release|Any CPU
		{01A8B9D3-6301-44FB-93B3-DCA0D34E65D7}.Release|Any CPU.Build.0 = Release|Any CPU
		{D05884DC-D591-4E5D-8DBF-F15C4D406A85}.Debug|Any CPU.ActiveCfg = Debug|Any CPU
		{D05884DC-D591-4E5D-8DBF-F15C4D406A85}.Debug|Any CPU.Build.0 = Debug|Any CPU
		{D05884DC-D591-4E5D-8DBF-F15C4D406A85}.Release|Any CPU.ActiveCfg = Release|Any CPU
		{D05884DC-D591-4E5D-8DBF-F15C4D406A85}.Release|Any CPU.Build.0 = Release|Any CPU
		{F9D75C37-8DF9-4834-B128-A294CC0C55F7}.Debug|Any CPU.ActiveCfg = Debug|Any CPU
		{F9D75C37-8DF9-4834-B128-A294CC0C55F7}.Debug|Any CPU.Build.0 = Debug|Any CPU
		{F9D75C37-8DF9-4834-B128-A294CC0C55F7}.Release|Any CPU.ActiveCfg = Release|Any CPU
		{F9D75C37-8DF9-4834-B128-A294CC0C55F7}.Release|Any CPU.Build.0 = Release|Any CPU
		{359E7CEC-2441-462B-9C98-35990E7CACAC}.Debug|Any CPU.ActiveCfg = Debug|Any CPU
		{359E7CEC-2441-462B-9C98-35990E7CACAC}.Debug|Any CPU.Build.0 = Debug|Any CPU
		{359E7CEC-2441-462B-9C98-35990E7CACAC}.Release|Any CPU.ActiveCfg = Release|Any CPU
		{359E7CEC-2441-462B-9C98-35990E7CACAC}.Release|Any CPU.Build.0 = Release|Any CPU
		{FA3934B4-6566-4FEE-BCA4-3D2036B315F2}.Debug|Any CPU.ActiveCfg = Debug|Any CPU
		{FA3934B4-6566-4FEE-BCA4-3D2036B315F2}.Debug|Any CPU.Build.0 = Debug|Any CPU
		{FA3934B4-6566-4FEE-BCA4-3D2036B315F2}.Release|Any CPU.ActiveCfg = Release|Any CPU
		{FA3934B4-6566-4FEE-BCA4-3D2036B315F2}.Release|Any CPU.Build.0 = Release|Any CPU
		{126BC3C2-DDBA-4A47-9D3B-B424D28D1D55}.Debug|Any CPU.ActiveCfg = Debug|Any CPU
		{126BC3C2-DDBA-4A47-9D3B-B424D28D1D55}.Debug|Any CPU.Build.0 = Debug|Any CPU
		{126BC3C2-DDBA-4A47-9D3B-B424D28D1D55}.Release|Any CPU.ActiveCfg = Release|Any CPU
		{126BC3C2-DDBA-4A47-9D3B-B424D28D1D55}.Release|Any CPU.Build.0 = Release|Any CPU
		{22DB2FE7-9C07-4CD8-9A8B-4642DE6E598D}.Debug|Any CPU.ActiveCfg = Debug|Any CPU
		{22DB2FE7-9C07-4CD8-9A8B-4642DE6E598D}.Debug|Any CPU.Build.0 = Debug|Any CPU
		{22DB2FE7-9C07-4CD8-9A8B-4642DE6E598D}.Release|Any CPU.ActiveCfg = Release|Any CPU
		{22DB2FE7-9C07-4CD8-9A8B-4642DE6E598D}.Release|Any CPU.Build.0 = Release|Any CPU
		{4986FED2-0ACE-456F-AEEB-8DAD2B095920}.Debug|Any CPU.ActiveCfg = Debug|Any CPU
		{4986FED2-0ACE-456F-AEEB-8DAD2B095920}.Debug|Any CPU.Build.0 = Debug|Any CPU
		{4986FED2-0ACE-456F-AEEB-8DAD2B095920}.Release|Any CPU.ActiveCfg = Release|Any CPU
		{4986FED2-0ACE-456F-AEEB-8DAD2B095920}.Release|Any CPU.Build.0 = Release|Any CPU
		{102F4226-007B-4DE0-A49A-BE7A9EBCB1BF}.Debug|Any CPU.ActiveCfg = Debug|Any CPU
		{102F4226-007B-4DE0-A49A-BE7A9EBCB1BF}.Debug|Any CPU.Build.0 = Debug|Any CPU
		{102F4226-007B-4DE0-A49A-BE7A9EBCB1BF}.Release|Any CPU.ActiveCfg = Release|Any CPU
		{102F4226-007B-4DE0-A49A-BE7A9EBCB1BF}.Release|Any CPU.Build.0 = Release|Any CPU
		{43291B36-4377-45C3-98BE-167799C2B297}.Debug|Any CPU.ActiveCfg = Debug|Any CPU
		{43291B36-4377-45C3-98BE-167799C2B297}.Debug|Any CPU.Build.0 = Debug|Any CPU
		{43291B36-4377-45C3-98BE-167799C2B297}.Release|Any CPU.ActiveCfg = Release|Any CPU
		{43291B36-4377-45C3-98BE-167799C2B297}.Release|Any CPU.Build.0 = Release|Any CPU
		{0BF5D0FF-DC9A-4FFA-B3C5-31EE425B7D71}.Debug|Any CPU.ActiveCfg = Debug|Any CPU
		{0BF5D0FF-DC9A-4FFA-B3C5-31EE425B7D71}.Debug|Any CPU.Build.0 = Debug|Any CPU
		{0BF5D0FF-DC9A-4FFA-B3C5-31EE425B7D71}.Release|Any CPU.ActiveCfg = Release|Any CPU
		{0BF5D0FF-DC9A-4FFA-B3C5-31EE425B7D71}.Release|Any CPU.Build.0 = Release|Any CPU
		{92481523-90F4-49A7-B71A-E0FFE3A49084}.Debug|Any CPU.ActiveCfg = Debug|Any CPU
		{92481523-90F4-49A7-B71A-E0FFE3A49084}.Debug|Any CPU.Build.0 = Debug|Any CPU
		{92481523-90F4-49A7-B71A-E0FFE3A49084}.Release|Any CPU.ActiveCfg = Release|Any CPU
		{92481523-90F4-49A7-B71A-E0FFE3A49084}.Release|Any CPU.Build.0 = Release|Any CPU
		{9B66D832-7CE2-41A1-899C-5B3EFDCB2469}.Debug|Any CPU.ActiveCfg = Debug|Any CPU
		{9B66D832-7CE2-41A1-899C-5B3EFDCB2469}.Debug|Any CPU.Build.0 = Debug|Any CPU
		{9B66D832-7CE2-41A1-899C-5B3EFDCB2469}.Release|Any CPU.ActiveCfg = Release|Any CPU
		{9B66D832-7CE2-41A1-899C-5B3EFDCB2469}.Release|Any CPU.Build.0 = Release|Any CPU
		{935A115E-B484-4EA2-8734-919A9597645E}.Debug|Any CPU.ActiveCfg = Debug|Any CPU
		{935A115E-B484-4EA2-8734-919A9597645E}.Debug|Any CPU.Build.0 = Debug|Any CPU
		{935A115E-B484-4EA2-8734-919A9597645E}.Release|Any CPU.ActiveCfg = Release|Any CPU
		{935A115E-B484-4EA2-8734-919A9597645E}.Release|Any CPU.Build.0 = Release|Any CPU
		{30CD47B2-02D9-4E27-9A23-A6F4B456587F}.Debug|Any CPU.ActiveCfg = Debug|Any CPU
		{30CD47B2-02D9-4E27-9A23-A6F4B456587F}.Debug|Any CPU.Build.0 = Debug|Any CPU
		{30CD47B2-02D9-4E27-9A23-A6F4B456587F}.Release|Any CPU.ActiveCfg = Release|Any CPU
		{30CD47B2-02D9-4E27-9A23-A6F4B456587F}.Release|Any CPU.Build.0 = Release|Any CPU
	EndGlobalSection
	GlobalSection(SolutionProperties) = preSolution
		HideSolutionNode = FALSE
	EndGlobalSection
	GlobalSection(ExtensibilityGlobals) = postSolution
		SolutionGuid = {D6E70F50-8D83-432D-81F0-7A30BACEBFFC}
	EndGlobalSection
EndGlobal
