
Microsoft Visual Studio Solution File, Format Version 12.00
# Visual Studio 15
VisualStudioVersion = 15.0.27703.2000
MinimumVisualStudioVersion = 10.0.40219.1
Project("{9A19103F-16F7-4668-BE54-9A1E7A4F7556}") = "P01.BlankReceipt", "P01.BlankReceipt\P01.BlankReceipt.csproj", "{495F9E6B-DF0F-46CE-A8A0-C4743DC35B0B}"
EndProject
Project("{FAE04EC0-301F-11D3-BF4B-00C04F79EFBC}") = "P02.SignOfIntegerNumber", "P02.SignOfIntegerNumber\P02.SignOfIntegerNumber.csproj", "{31A68E21-9713-4D1D-ACC6-ACCC0351F326}"
EndProject
Project("{FAE04EC0-301F-11D3-BF4B-00C04F79EFBC}") = "P03.PrintingTriangle", "P03.PrintingTriangle\P03.PrintingTriangle.csproj", "{9E3BCBD9-1962-4F14-92B2-0F019328FFB4}"
EndProject
Project("{FAE04EC0-301F-11D3-BF4B-00C04F79EFBC}") = "P04.DrawAFilledSquare", "P04.DrawAFilledSquare\P04.DrawAFilledSquare.csproj", "{5754A199-B4B4-422B-8182-859D96F7BFC7}"
EndProject
Project("{FAE04EC0-301F-11D3-BF4B-00C04F79EFBC}") = "P05.TemperatureConversion", "P05.TemperatureConversion\P05.TemperatureConversion.csproj", "{F9D71AB7-F4A5-40B1-9C63-71A875900455}"
EndProject
Project("{FAE04EC0-301F-11D3-BF4B-00C04F79EFBC}") = "P06.CalculateTriangleArea", "P06.CalculateTriangleArea\P06.CalculateTriangleArea.csproj", "{9C8AC585-BBD4-47A8-835F-CE74222604E0}"
EndProject
Project("{FAE04EC0-301F-11D3-BF4B-00C04F79EFBC}") = "P07.MathPower", "P07.MathPower\P07.MathPower.csproj", "{592DD332-872C-4A2D-BC44-AC01E0C3E048}"
EndProject
Project("{FAE04EC0-301F-11D3-BF4B-00C04F79EFBC}") = "P08.GreaterOfTwoValues", "P08.GreaterOfTwoValues\P08.GreaterOfTwoValues.csproj", "{6607E282-AC9E-49A9-93A6-03B26B326E90}"
EndProject
Project("{FAE04EC0-301F-11D3-BF4B-00C04F79EFBC}") = "P09.MultiplyEvensByOdds", "P09.MultiplyEvensByOdds\P09.MultiplyEvensByOdds.csproj", "{15CD4779-B512-42C2-B4AF-84DED44116D1}"
EndProject
Project("{FAE04EC0-301F-11D3-BF4B-00C04F79EFBC}") = "P10.HolidaysBetweenTwoDates", "P10.HolidaysBetweenTwoDates\P10.HolidaysBetweenTwoDates.csproj", "{F496EEB4-DD55-46B9-8020-8B310B6B6D84}"
EndProject
Project("{FAE04EC0-301F-11D3-BF4B-00C04F79EFBC}") = "P11.PriceChangeAlert", "P11.PriceChangeAlert\P11.PriceChangeAlert.csproj", "{C544FF7A-6BED-42D5-9D28-FF0895B35101}"
EndProject
Global
	GlobalSection(SolutionConfigurationPlatforms) = preSolution
		Debug|Any CPU = Debug|Any CPU
		Release|Any CPU = Release|Any CPU
	EndGlobalSection
	GlobalSection(ProjectConfigurationPlatforms) = postSolution
		{495F9E6B-DF0F-46CE-A8A0-C4743DC35B0B}.Debug|Any CPU.ActiveCfg = Debug|Any CPU
		{495F9E6B-DF0F-46CE-A8A0-C4743DC35B0B}.Debug|Any CPU.Build.0 = Debug|Any CPU
		{495F9E6B-DF0F-46CE-A8A0-C4743DC35B0B}.Release|Any CPU.ActiveCfg = Release|Any CPU
		{495F9E6B-DF0F-46CE-A8A0-C4743DC35B0B}.Release|Any CPU.Build.0 = Release|Any CPU
		{31A68E21-9713-4D1D-ACC6-ACCC0351F326}.Debug|Any CPU.ActiveCfg = Debug|Any CPU
		{31A68E21-9713-4D1D-ACC6-ACCC0351F326}.Debug|Any CPU.Build.0 = Debug|Any CPU
		{31A68E21-9713-4D1D-ACC6-ACCC0351F326}.Release|Any CPU.ActiveCfg = Release|Any CPU
		{31A68E21-9713-4D1D-ACC6-ACCC0351F326}.Release|Any CPU.Build.0 = Release|Any CPU
		{9E3BCBD9-1962-4F14-92B2-0F019328FFB4}.Debug|Any CPU.ActiveCfg = Debug|Any CPU
		{9E3BCBD9-1962-4F14-92B2-0F019328FFB4}.Debug|Any CPU.Build.0 = Debug|Any CPU
		{9E3BCBD9-1962-4F14-92B2-0F019328FFB4}.Release|Any CPU.ActiveCfg = Release|Any CPU
		{9E3BCBD9-1962-4F14-92B2-0F019328FFB4}.Release|Any CPU.Build.0 = Release|Any CPU
		{5754A199-B4B4-422B-8182-859D96F7BFC7}.Debug|Any CPU.ActiveCfg = Debug|Any CPU
		{5754A199-B4B4-422B-8182-859D96F7BFC7}.Debug|Any CPU.Build.0 = Debug|Any CPU
		{5754A199-B4B4-422B-8182-859D96F7BFC7}.Release|Any CPU.ActiveCfg = Release|Any CPU
		{5754A199-B4B4-422B-8182-859D96F7BFC7}.Release|Any CPU.Build.0 = Release|Any CPU
		{F9D71AB7-F4A5-40B1-9C63-71A875900455}.Debug|Any CPU.ActiveCfg = Debug|Any CPU
		{F9D71AB7-F4A5-40B1-9C63-71A875900455}.Debug|Any CPU.Build.0 = Debug|Any CPU
		{F9D71AB7-F4A5-40B1-9C63-71A875900455}.Release|Any CPU.ActiveCfg = Release|Any CPU
		{F9D71AB7-F4A5-40B1-9C63-71A875900455}.Release|Any CPU.Build.0 = Release|Any CPU
		{9C8AC585-BBD4-47A8-835F-CE74222604E0}.Debug|Any CPU.ActiveCfg = Debug|Any CPU
		{9C8AC585-BBD4-47A8-835F-CE74222604E0}.Debug|Any CPU.Build.0 = Debug|Any CPU
		{9C8AC585-BBD4-47A8-835F-CE74222604E0}.Release|Any CPU.ActiveCfg = Release|Any CPU
		{9C8AC585-BBD4-47A8-835F-CE74222604E0}.Release|Any CPU.Build.0 = Release|Any CPU
		{592DD332-872C-4A2D-BC44-AC01E0C3E048}.Debug|Any CPU.ActiveCfg = Debug|Any CPU
		{592DD332-872C-4A2D-BC44-AC01E0C3E048}.Debug|Any CPU.Build.0 = Debug|Any CPU
		{592DD332-872C-4A2D-BC44-AC01E0C3E048}.Release|Any CPU.ActiveCfg = Release|Any CPU
		{592DD332-872C-4A2D-BC44-AC01E0C3E048}.Release|Any CPU.Build.0 = Release|Any CPU
		{6607E282-AC9E-49A9-93A6-03B26B326E90}.Debug|Any CPU.ActiveCfg = Debug|Any CPU
		{6607E282-AC9E-49A9-93A6-03B26B326E90}.Debug|Any CPU.Build.0 = Debug|Any CPU
		{6607E282-AC9E-49A9-93A6-03B26B326E90}.Release|Any CPU.ActiveCfg = Release|Any CPU
		{6607E282-AC9E-49A9-93A6-03B26B326E90}.Release|Any CPU.Build.0 = Release|Any CPU
		{15CD4779-B512-42C2-B4AF-84DED44116D1}.Debug|Any CPU.ActiveCfg = Debug|Any CPU
		{15CD4779-B512-42C2-B4AF-84DED44116D1}.Debug|Any CPU.Build.0 = Debug|Any CPU
		{15CD4779-B512-42C2-B4AF-84DED44116D1}.Release|Any CPU.ActiveCfg = Release|Any CPU
		{15CD4779-B512-42C2-B4AF-84DED44116D1}.Release|Any CPU.Build.0 = Release|Any CPU
		{F496EEB4-DD55-46B9-8020-8B310B6B6D84}.Debug|Any CPU.ActiveCfg = Debug|Any CPU
		{F496EEB4-DD55-46B9-8020-8B310B6B6D84}.Debug|Any CPU.Build.0 = Debug|Any CPU
		{F496EEB4-DD55-46B9-8020-8B310B6B6D84}.Release|Any CPU.ActiveCfg = Release|Any CPU
		{F496EEB4-DD55-46B9-8020-8B310B6B6D84}.Release|Any CPU.Build.0 = Release|Any CPU
		{C544FF7A-6BED-42D5-9D28-FF0895B35101}.Debug|Any CPU.ActiveCfg = Debug|Any CPU
		{C544FF7A-6BED-42D5-9D28-FF0895B35101}.Debug|Any CPU.Build.0 = Debug|Any CPU
		{C544FF7A-6BED-42D5-9D28-FF0895B35101}.Release|Any CPU.ActiveCfg = Release|Any CPU
		{C544FF7A-6BED-42D5-9D28-FF0895B35101}.Release|Any CPU.Build.0 = Release|Any CPU
	EndGlobalSection
	GlobalSection(SolutionProperties) = preSolution
		HideSolutionNode = FALSE
	EndGlobalSection
	GlobalSection(ExtensibilityGlobals) = postSolution
		SolutionGuid = {12594235-A7F4-44B3-BA57-BBF1508A3D1E}
	EndGlobalSection
EndGlobal
