
Microsoft Visual Studio Solution File, Format Version 12.00
# Visual Studio 15
VisualStudioVersion = 15.0.27703.2000
MinimumVisualStudioVersion = 10.0.40219.1
Project("{9A19103F-16F7-4668-BE54-9A1E7A4F7556}") = "P01.LargestCommonEnd", "P01.LargestCommonEnd\P01.LargestCommonEnd.csproj", "{E17676C1-A1F9-464A-849A-1BFC5B32CC29}"
EndProject
Project("{9A19103F-16F7-4668-BE54-9A1E7A4F7556}") = "P02.RotateAndSum", "P02.RotateAndSum\P02.RotateAndSum.csproj", "{FFEC21C4-AB22-4354-88BD-49E91C02656C}"
EndProject
Project("{9A19103F-16F7-4668-BE54-9A1E7A4F7556}") = "P03.FoldAndSum", "P03.FoldAndSum\P03.FoldAndSum.csproj", "{24C7CB00-5CFE-4308-8F42-CA2B3E683A26}"
EndProject
Project("{9A19103F-16F7-4668-BE54-9A1E7A4F7556}") = "P04.SieveOfEratosthenes", "P04.SieveOfEratosthenes\P04.SieveOfEratosthenes.csproj", "{A77C5EEA-7AC2-44CF-9263-D44F34A006A3}"
EndProject
Project("{9A19103F-16F7-4668-BE54-9A1E7A4F7556}") = "P05.CompareCharArrays", "P05.CompareCharArrays\P05.CompareCharArrays.csproj", "{8DE4F6F5-B8FC-457C-B032-2A1865478C57}"
EndProject
Project("{FAE04EC0-301F-11D3-BF4B-00C04F79EFBC}") = "P08.MostFrequentNumber", "P08.MostFrequentNumber\P08.MostFrequentNumber.csproj", "{CFAAAEFE-655F-4262-9C25-6EEEA8CC9C71}"
EndProject
Project("{FAE04EC0-301F-11D3-BF4B-00C04F79EFBC}") = "P06.MaxSeqOfEqualEl", "P06.MaxSeqOfEqualEl\P06.MaxSeqOfEqualEl.csproj", "{5E8C48F1-4AA8-4B64-976D-113ECB9D6C6E}"
EndProject
Project("{FAE04EC0-301F-11D3-BF4B-00C04F79EFBC}") = "P07.MaxSeqOfIncrEl", "P07.MaxSeqOfIncrEl\P07.MaxSeqOfIncrEl.csproj", "{4499D05B-C1AB-4651-8447-DD12FBF5117B}"
EndProject
Project("{FAE04EC0-301F-11D3-BF4B-00C04F79EFBC}") = "P09.IndexOfLetters", "P09.IndexOfLetters\P09.IndexOfLetters.csproj", "{20745B8D-20EB-440D-AEE1-ED854393AECB}"
EndProject
Project("{FAE04EC0-301F-11D3-BF4B-00C04F79EFBC}") = "P10.PairsByDifference", "P10.PairsByDifference\P10.PairsByDifference.csproj", "{79DC8CAD-6A2F-4BD5-A8C3-F68030C7F40A}"
EndProject
Project("{FAE04EC0-301F-11D3-BF4B-00C04F79EFBC}") = "P11.EqualSums", "P11.EqualSums\P11.EqualSums.csproj", "{19733342-EB3B-4C50-855D-17CB762F2D97}"
EndProject
Global
	GlobalSection(SolutionConfigurationPlatforms) = preSolution
		Debug|Any CPU = Debug|Any CPU
		Release|Any CPU = Release|Any CPU
	EndGlobalSection
	GlobalSection(ProjectConfigurationPlatforms) = postSolution
		{E17676C1-A1F9-464A-849A-1BFC5B32CC29}.Debug|Any CPU.ActiveCfg = Debug|Any CPU
		{E17676C1-A1F9-464A-849A-1BFC5B32CC29}.Debug|Any CPU.Build.0 = Debug|Any CPU
		{E17676C1-A1F9-464A-849A-1BFC5B32CC29}.Release|Any CPU.ActiveCfg = Release|Any CPU
		{E17676C1-A1F9-464A-849A-1BFC5B32CC29}.Release|Any CPU.Build.0 = Release|Any CPU
		{FFEC21C4-AB22-4354-88BD-49E91C02656C}.Debug|Any CPU.ActiveCfg = Debug|Any CPU
		{FFEC21C4-AB22-4354-88BD-49E91C02656C}.Debug|Any CPU.Build.0 = Debug|Any CPU
		{FFEC21C4-AB22-4354-88BD-49E91C02656C}.Release|Any CPU.ActiveCfg = Release|Any CPU
		{FFEC21C4-AB22-4354-88BD-49E91C02656C}.Release|Any CPU.Build.0 = Release|Any CPU
		{24C7CB00-5CFE-4308-8F42-CA2B3E683A26}.Debug|Any CPU.ActiveCfg = Debug|Any CPU
		{24C7CB00-5CFE-4308-8F42-CA2B3E683A26}.Debug|Any CPU.Build.0 = Debug|Any CPU
		{24C7CB00-5CFE-4308-8F42-CA2B3E683A26}.Release|Any CPU.ActiveCfg = Release|Any CPU
		{24C7CB00-5CFE-4308-8F42-CA2B3E683A26}.Release|Any CPU.Build.0 = Release|Any CPU
		{A77C5EEA-7AC2-44CF-9263-D44F34A006A3}.Debug|Any CPU.ActiveCfg = Debug|Any CPU
		{A77C5EEA-7AC2-44CF-9263-D44F34A006A3}.Debug|Any CPU.Build.0 = Debug|Any CPU
		{A77C5EEA-7AC2-44CF-9263-D44F34A006A3}.Release|Any CPU.ActiveCfg = Release|Any CPU
		{A77C5EEA-7AC2-44CF-9263-D44F34A006A3}.Release|Any CPU.Build.0 = Release|Any CPU
		{8DE4F6F5-B8FC-457C-B032-2A1865478C57}.Debug|Any CPU.ActiveCfg = Debug|Any CPU
		{8DE4F6F5-B8FC-457C-B032-2A1865478C57}.Debug|Any CPU.Build.0 = Debug|Any CPU
		{8DE4F6F5-B8FC-457C-B032-2A1865478C57}.Release|Any CPU.ActiveCfg = Release|Any CPU
		{8DE4F6F5-B8FC-457C-B032-2A1865478C57}.Release|Any CPU.Build.0 = Release|Any CPU
		{CFAAAEFE-655F-4262-9C25-6EEEA8CC9C71}.Debug|Any CPU.ActiveCfg = Debug|Any CPU
		{CFAAAEFE-655F-4262-9C25-6EEEA8CC9C71}.Debug|Any CPU.Build.0 = Debug|Any CPU
		{CFAAAEFE-655F-4262-9C25-6EEEA8CC9C71}.Release|Any CPU.ActiveCfg = Release|Any CPU
		{CFAAAEFE-655F-4262-9C25-6EEEA8CC9C71}.Release|Any CPU.Build.0 = Release|Any CPU
		{5E8C48F1-4AA8-4B64-976D-113ECB9D6C6E}.Debug|Any CPU.ActiveCfg = Debug|Any CPU
		{5E8C48F1-4AA8-4B64-976D-113ECB9D6C6E}.Debug|Any CPU.Build.0 = Debug|Any CPU
		{5E8C48F1-4AA8-4B64-976D-113ECB9D6C6E}.Release|Any CPU.ActiveCfg = Release|Any CPU
		{5E8C48F1-4AA8-4B64-976D-113ECB9D6C6E}.Release|Any CPU.Build.0 = Release|Any CPU
		{4499D05B-C1AB-4651-8447-DD12FBF5117B}.Debug|Any CPU.ActiveCfg = Debug|Any CPU
		{4499D05B-C1AB-4651-8447-DD12FBF5117B}.Debug|Any CPU.Build.0 = Debug|Any CPU
		{4499D05B-C1AB-4651-8447-DD12FBF5117B}.Release|Any CPU.ActiveCfg = Release|Any CPU
		{4499D05B-C1AB-4651-8447-DD12FBF5117B}.Release|Any CPU.Build.0 = Release|Any CPU
		{20745B8D-20EB-440D-AEE1-ED854393AECB}.Debug|Any CPU.ActiveCfg = Debug|Any CPU
		{20745B8D-20EB-440D-AEE1-ED854393AECB}.Debug|Any CPU.Build.0 = Debug|Any CPU
		{20745B8D-20EB-440D-AEE1-ED854393AECB}.Release|Any CPU.ActiveCfg = Release|Any CPU
		{20745B8D-20EB-440D-AEE1-ED854393AECB}.Release|Any CPU.Build.0 = Release|Any CPU
		{79DC8CAD-6A2F-4BD5-A8C3-F68030C7F40A}.Debug|Any CPU.ActiveCfg = Debug|Any CPU
		{79DC8CAD-6A2F-4BD5-A8C3-F68030C7F40A}.Debug|Any CPU.Build.0 = Debug|Any CPU
		{79DC8CAD-6A2F-4BD5-A8C3-F68030C7F40A}.Release|Any CPU.ActiveCfg = Release|Any CPU
		{79DC8CAD-6A2F-4BD5-A8C3-F68030C7F40A}.Release|Any CPU.Build.0 = Release|Any CPU
		{19733342-EB3B-4C50-855D-17CB762F2D97}.Debug|Any CPU.ActiveCfg = Debug|Any CPU
		{19733342-EB3B-4C50-855D-17CB762F2D97}.Debug|Any CPU.Build.0 = Debug|Any CPU
		{19733342-EB3B-4C50-855D-17CB762F2D97}.Release|Any CPU.ActiveCfg = Release|Any CPU
		{19733342-EB3B-4C50-855D-17CB762F2D97}.Release|Any CPU.Build.0 = Release|Any CPU
	EndGlobalSection
	GlobalSection(SolutionProperties) = preSolution
		HideSolutionNode = FALSE
	EndGlobalSection
	GlobalSection(ExtensibilityGlobals) = postSolution
		SolutionGuid = {CB727942-B73F-4C0D-B543-09FF4711DFEA}
	EndGlobalSection
EndGlobal
