
Microsoft Visual Studio Solution File, Format Version 12.00
# Visual Studio 15
VisualStudioVersion = 15.0.27703.2000
MinimumVisualStudioVersion = 10.0.40219.1
Project("{9A19103F-16F7-4668-BE54-9A1E7A4F7556}") = "P01.Hello, Name!", "P01.Hello, Name!\P01.Hello, Name!.csproj", "{CB36FB74-EA26-4861-A0BE-335CF0004280}"
EndProject
Project("{9A19103F-16F7-4668-BE54-9A1E7A4F7556}") = "P02.MaxMethod", "P02.MaxMethod\P02.MaxMethod.csproj", "{C10120DE-AC54-4FAD-B76B-24A966FD6FD7}"
EndProject
Project("{9A19103F-16F7-4668-BE54-9A1E7A4F7556}") = "P05.FibonacciNumbers", "P05.FibonacciNumbers\P05.FibonacciNumbers.csproj", "{DB3FB5D7-F4BA-492F-9EA6-3CCD0FCB9775}"
EndProject
Project("{9A19103F-16F7-4668-BE54-9A1E7A4F7556}") = "P06.PrimeChecker", "P06.PrimeChecker\P06.PrimeChecker.csproj", "{5EB543D5-0EE3-4E48-91AA-F863AFC49FC2}"
EndProject
Project("{9A19103F-16F7-4668-BE54-9A1E7A4F7556}") = "P07.PrimesInGivenRange", "P07.PrimesInGivenRange\P07.PrimesInGivenRange.csproj", "{5B40E6B8-ADD0-486D-87C9-8B4F0083FBB2}"
EndProject
Project("{9A19103F-16F7-4668-BE54-9A1E7A4F7556}") = "P08.CenterPoint", "P08.CenterPoint\P08.CenterPoint.csproj", "{AA64FB81-2EF1-47DA-9CE6-02B6540AF5DE}"
EndProject
Project("{9A19103F-16F7-4668-BE54-9A1E7A4F7556}") = "P09.LongerLine", "P09.LongerLine\P09.LongerLine.csproj", "{527B6F76-0E80-45AD-9031-35F0D5263DE2}"
EndProject
Project("{9A19103F-16F7-4668-BE54-9A1E7A4F7556}") = "P10.CubeProperties", "P10.CubeProperties\P10.CubeProperties.csproj", "{0A234B5A-010D-4576-AEB1-580B4C670A16}"
EndProject
Project("{9A19103F-16F7-4668-BE54-9A1E7A4F7556}") = "P11.Geometry Calculator", "P11.Geometry Calculator\P11.Geometry Calculator.csproj", "{EC228A80-5382-4696-845B-B6B822E3428E}"
EndProject
Project("{9A19103F-16F7-4668-BE54-9A1E7A4F7556}") = "P12.MasterNumber", "P12.MasterNumber\P12.MasterNumber.csproj", "{7B7C5F17-5F6B-4F12-87D3-86938C2FF144}"
EndProject
Project("{9A19103F-16F7-4668-BE54-9A1E7A4F7556}") = "P13.Factorial", "P13.Factorial\P13.Factorial.csproj", "{59F44F5C-0B9A-4CFE-95C8-91A3CAC8B036}"
EndProject
Project("{FAE04EC0-301F-11D3-BF4B-00C04F79EFBC}") = "P03.EnNameOfLastDigit", "P03.EnNameOfLastDigit\P03.EnNameOfLastDigit.csproj", "{0FEFA39A-5077-42F1-B5F4-A21ACE9C5BC0}"
EndProject
Project("{FAE04EC0-301F-11D3-BF4B-00C04F79EFBC}") = "P04.NumbInRevOrder", "P04.NumbInRevOrder\P04.NumbInRevOrder.csproj", "{6E1EFF38-50D3-44D0-AA7D-CD6D610B7654}"
EndProject
Project("{FAE04EC0-301F-11D3-BF4B-00C04F79EFBC}") = "P14.FactTrailingZeroes", "P14.FactTrailingZeroes\P14.FactTrailingZeroes.csproj", "{1CFEFA9E-9957-4049-A428-5895EBAE2EBD}"
EndProject
Global
	GlobalSection(SolutionConfigurationPlatforms) = preSolution
		Debug|Any CPU = Debug|Any CPU
		Release|Any CPU = Release|Any CPU
	EndGlobalSection
	GlobalSection(ProjectConfigurationPlatforms) = postSolution
		{CB36FB74-EA26-4861-A0BE-335CF0004280}.Debug|Any CPU.ActiveCfg = Debug|Any CPU
		{CB36FB74-EA26-4861-A0BE-335CF0004280}.Debug|Any CPU.Build.0 = Debug|Any CPU
		{CB36FB74-EA26-4861-A0BE-335CF0004280}.Release|Any CPU.ActiveCfg = Release|Any CPU
		{CB36FB74-EA26-4861-A0BE-335CF0004280}.Release|Any CPU.Build.0 = Release|Any CPU
		{C10120DE-AC54-4FAD-B76B-24A966FD6FD7}.Debug|Any CPU.ActiveCfg = Debug|Any CPU
		{C10120DE-AC54-4FAD-B76B-24A966FD6FD7}.Debug|Any CPU.Build.0 = Debug|Any CPU
		{C10120DE-AC54-4FAD-B76B-24A966FD6FD7}.Release|Any CPU.ActiveCfg = Release|Any CPU
		{C10120DE-AC54-4FAD-B76B-24A966FD6FD7}.Release|Any CPU.Build.0 = Release|Any CPU
		{DB3FB5D7-F4BA-492F-9EA6-3CCD0FCB9775}.Debug|Any CPU.ActiveCfg = Debug|Any CPU
		{DB3FB5D7-F4BA-492F-9EA6-3CCD0FCB9775}.Debug|Any CPU.Build.0 = Debug|Any CPU
		{DB3FB5D7-F4BA-492F-9EA6-3CCD0FCB9775}.Release|Any CPU.ActiveCfg = Release|Any CPU
		{DB3FB5D7-F4BA-492F-9EA6-3CCD0FCB9775}.Release|Any CPU.Build.0 = Release|Any CPU
		{5EB543D5-0EE3-4E48-91AA-F863AFC49FC2}.Debug|Any CPU.ActiveCfg = Debug|Any CPU
		{5EB543D5-0EE3-4E48-91AA-F863AFC49FC2}.Debug|Any CPU.Build.0 = Debug|Any CPU
		{5EB543D5-0EE3-4E48-91AA-F863AFC49FC2}.Release|Any CPU.ActiveCfg = Release|Any CPU
		{5EB543D5-0EE3-4E48-91AA-F863AFC49FC2}.Release|Any CPU.Build.0 = Release|Any CPU
		{5B40E6B8-ADD0-486D-87C9-8B4F0083FBB2}.Debug|Any CPU.ActiveCfg = Debug|Any CPU
		{5B40E6B8-ADD0-486D-87C9-8B4F0083FBB2}.Debug|Any CPU.Build.0 = Debug|Any CPU
		{5B40E6B8-ADD0-486D-87C9-8B4F0083FBB2}.Release|Any CPU.ActiveCfg = Release|Any CPU
		{5B40E6B8-ADD0-486D-87C9-8B4F0083FBB2}.Release|Any CPU.Build.0 = Release|Any CPU
		{AA64FB81-2EF1-47DA-9CE6-02B6540AF5DE}.Debug|Any CPU.ActiveCfg = Debug|Any CPU
		{AA64FB81-2EF1-47DA-9CE6-02B6540AF5DE}.Debug|Any CPU.Build.0 = Debug|Any CPU
		{AA64FB81-2EF1-47DA-9CE6-02B6540AF5DE}.Release|Any CPU.ActiveCfg = Release|Any CPU
		{AA64FB81-2EF1-47DA-9CE6-02B6540AF5DE}.Release|Any CPU.Build.0 = Release|Any CPU
		{527B6F76-0E80-45AD-9031-35F0D5263DE2}.Debug|Any CPU.ActiveCfg = Debug|Any CPU
		{527B6F76-0E80-45AD-9031-35F0D5263DE2}.Debug|Any CPU.Build.0 = Debug|Any CPU
		{527B6F76-0E80-45AD-9031-35F0D5263DE2}.Release|Any CPU.ActiveCfg = Release|Any CPU
		{527B6F76-0E80-45AD-9031-35F0D5263DE2}.Release|Any CPU.Build.0 = Release|Any CPU
		{0A234B5A-010D-4576-AEB1-580B4C670A16}.Debug|Any CPU.ActiveCfg = Debug|Any CPU
		{0A234B5A-010D-4576-AEB1-580B4C670A16}.Debug|Any CPU.Build.0 = Debug|Any CPU
		{0A234B5A-010D-4576-AEB1-580B4C670A16}.Release|Any CPU.ActiveCfg = Release|Any CPU
		{0A234B5A-010D-4576-AEB1-580B4C670A16}.Release|Any CPU.Build.0 = Release|Any CPU
		{EC228A80-5382-4696-845B-B6B822E3428E}.Debug|Any CPU.ActiveCfg = Debug|Any CPU
		{EC228A80-5382-4696-845B-B6B822E3428E}.Debug|Any CPU.Build.0 = Debug|Any CPU
		{EC228A80-5382-4696-845B-B6B822E3428E}.Release|Any CPU.ActiveCfg = Release|Any CPU
		{EC228A80-5382-4696-845B-B6B822E3428E}.Release|Any CPU.Build.0 = Release|Any CPU
		{7B7C5F17-5F6B-4F12-87D3-86938C2FF144}.Debug|Any CPU.ActiveCfg = Debug|Any CPU
		{7B7C5F17-5F6B-4F12-87D3-86938C2FF144}.Debug|Any CPU.Build.0 = Debug|Any CPU
		{7B7C5F17-5F6B-4F12-87D3-86938C2FF144}.Release|Any CPU.ActiveCfg = Release|Any CPU
		{7B7C5F17-5F6B-4F12-87D3-86938C2FF144}.Release|Any CPU.Build.0 = Release|Any CPU
		{59F44F5C-0B9A-4CFE-95C8-91A3CAC8B036}.Debug|Any CPU.ActiveCfg = Debug|Any CPU
		{59F44F5C-0B9A-4CFE-95C8-91A3CAC8B036}.Debug|Any CPU.Build.0 = Debug|Any CPU
		{59F44F5C-0B9A-4CFE-95C8-91A3CAC8B036}.Release|Any CPU.ActiveCfg = Release|Any CPU
		{59F44F5C-0B9A-4CFE-95C8-91A3CAC8B036}.Release|Any CPU.Build.0 = Release|Any CPU
		{0FEFA39A-5077-42F1-B5F4-A21ACE9C5BC0}.Debug|Any CPU.ActiveCfg = Debug|Any CPU
		{0FEFA39A-5077-42F1-B5F4-A21ACE9C5BC0}.Debug|Any CPU.Build.0 = Debug|Any CPU
		{0FEFA39A-5077-42F1-B5F4-A21ACE9C5BC0}.Release|Any CPU.ActiveCfg = Release|Any CPU
		{0FEFA39A-5077-42F1-B5F4-A21ACE9C5BC0}.Release|Any CPU.Build.0 = Release|Any CPU
		{6E1EFF38-50D3-44D0-AA7D-CD6D610B7654}.Debug|Any CPU.ActiveCfg = Debug|Any CPU
		{6E1EFF38-50D3-44D0-AA7D-CD6D610B7654}.Debug|Any CPU.Build.0 = Debug|Any CPU
		{6E1EFF38-50D3-44D0-AA7D-CD6D610B7654}.Release|Any CPU.ActiveCfg = Release|Any CPU
		{6E1EFF38-50D3-44D0-AA7D-CD6D610B7654}.Release|Any CPU.Build.0 = Release|Any CPU
		{1CFEFA9E-9957-4049-A428-5895EBAE2EBD}.Debug|Any CPU.ActiveCfg = Debug|Any CPU
		{1CFEFA9E-9957-4049-A428-5895EBAE2EBD}.Debug|Any CPU.Build.0 = Debug|Any CPU
		{1CFEFA9E-9957-4049-A428-5895EBAE2EBD}.Release|Any CPU.ActiveCfg = Release|Any CPU
		{1CFEFA9E-9957-4049-A428-5895EBAE2EBD}.Release|Any CPU.Build.0 = Release|Any CPU
	EndGlobalSection
	GlobalSection(SolutionProperties) = preSolution
		HideSolutionNode = FALSE
	EndGlobalSection
	GlobalSection(ExtensibilityGlobals) = postSolution
		SolutionGuid = {E16A4960-F5EE-4206-97C1-06B7B24E2A4B}
	EndGlobalSection
EndGlobal
