
Microsoft Visual Studio Solution File, Format Version 12.00
# Visual Studio 15
VisualStudioVersion = 15.0.27703.2000
MinimumVisualStudioVersion = 10.0.40219.1
Project("{FAE04EC0-301F-11D3-BF4B-00C04F79EFBC}") = "P01.CountRealNumbers", "P01.CountRealNumbers\P01.CountRealNumbers.csproj", "{50501812-2388-4423-B93C-BC202787A417}"
EndProject
Project("{FAE04EC0-301F-11D3-BF4B-00C04F79EFBC}") = "P02.OddOccurrences", "P02.OddOccurrences\P02.OddOccurrences.csproj", "{C2C27B37-5F78-4F8A-8BC0-EC4B23CAC5C5}"
EndProject
Project("{FAE04EC0-301F-11D3-BF4B-00C04F79EFBC}") = "P03.MinMaxSumAvrg", "P03.MinMaxSumAvrg\P03.MinMaxSumAvrg.csproj", "{61A7B3AA-DA59-467F-A8AC-E9C97AB4E27D}"
EndProject
Project("{FAE04EC0-301F-11D3-BF4B-00C04F79EFBC}") = "P04.Largest3Numb", "P04.Largest3Numb\P04.Largest3Numb.csproj", "{5ACAE329-F725-414E-B359-9AC8554B7FD1}"
EndProject
Project("{FAE04EC0-301F-11D3-BF4B-00C04F79EFBC}") = "P05.ShortWordsSorted", "P05.ShortWordsSorted\P05.ShortWordsSorted.csproj", "{99E777F5-12F6-4276-8A25-9ED37371B313}"
EndProject
Project("{FAE04EC0-301F-11D3-BF4B-00C04F79EFBC}") = "P06.FoldAndSum", "P06.FoldAndSum\P06.FoldAndSum.csproj", "{A40A0B3B-5A1A-461F-942D-081CA04473F9}"
EndProject
Global
	GlobalSection(SolutionConfigurationPlatforms) = preSolution
		Debug|Any CPU = Debug|Any CPU
		Release|Any CPU = Release|Any CPU
	EndGlobalSection
	GlobalSection(ProjectConfigurationPlatforms) = postSolution
		{50501812-2388-4423-B93C-BC202787A417}.Debug|Any CPU.ActiveCfg = Debug|Any CPU
		{50501812-2388-4423-B93C-BC202787A417}.Debug|Any CPU.Build.0 = Debug|Any CPU
		{50501812-2388-4423-B93C-BC202787A417}.Release|Any CPU.ActiveCfg = Release|Any CPU
		{50501812-2388-4423-B93C-BC202787A417}.Release|Any CPU.Build.0 = Release|Any CPU
		{C2C27B37-5F78-4F8A-8BC0-EC4B23CAC5C5}.Debug|Any CPU.ActiveCfg = Debug|Any CPU
		{C2C27B37-5F78-4F8A-8BC0-EC4B23CAC5C5}.Debug|Any CPU.Build.0 = Debug|Any CPU
		{C2C27B37-5F78-4F8A-8BC0-EC4B23CAC5C5}.Release|Any CPU.ActiveCfg = Release|Any CPU
		{C2C27B37-5F78-4F8A-8BC0-EC4B23CAC5C5}.Release|Any CPU.Build.0 = Release|Any CPU
		{61A7B3AA-DA59-467F-A8AC-E9C97AB4E27D}.Debug|Any CPU.ActiveCfg = Debug|Any CPU
		{61A7B3AA-DA59-467F-A8AC-E9C97AB4E27D}.Debug|Any CPU.Build.0 = Debug|Any CPU
		{61A7B3AA-DA59-467F-A8AC-E9C97AB4E27D}.Release|Any CPU.ActiveCfg = Release|Any CPU
		{61A7B3AA-DA59-467F-A8AC-E9C97AB4E27D}.Release|Any CPU.Build.0 = Release|Any CPU
		{5ACAE329-F725-414E-B359-9AC8554B7FD1}.Debug|Any CPU.ActiveCfg = Debug|Any CPU
		{5ACAE329-F725-414E-B359-9AC8554B7FD1}.Debug|Any CPU.Build.0 = Debug|Any CPU
		{5ACAE329-F725-414E-B359-9AC8554B7FD1}.Release|Any CPU.ActiveCfg = Release|Any CPU
		{5ACAE329-F725-414E-B359-9AC8554B7FD1}.Release|Any CPU.Build.0 = Release|Any CPU
		{99E777F5-12F6-4276-8A25-9ED37371B313}.Debug|Any CPU.ActiveCfg = Debug|Any CPU
		{99E777F5-12F6-4276-8A25-9ED37371B313}.Debug|Any CPU.Build.0 = Debug|Any CPU
		{99E777F5-12F6-4276-8A25-9ED37371B313}.Release|Any CPU.ActiveCfg = Release|Any CPU
		{99E777F5-12F6-4276-8A25-9ED37371B313}.Release|Any CPU.Build.0 = Release|Any CPU
		{A40A0B3B-5A1A-461F-942D-081CA04473F9}.Debug|Any CPU.ActiveCfg = Debug|Any CPU
		{A40A0B3B-5A1A-461F-942D-081CA04473F9}.Debug|Any CPU.Build.0 = Debug|Any CPU
		{A40A0B3B-5A1A-461F-942D-081CA04473F9}.Release|Any CPU.ActiveCfg = Release|Any CPU
		{A40A0B3B-5A1A-461F-942D-081CA04473F9}.Release|Any CPU.Build.0 = Release|Any CPU
	EndGlobalSection
	GlobalSection(SolutionProperties) = preSolution
		HideSolutionNode = FALSE
	EndGlobalSection
	GlobalSection(ExtensibilityGlobals) = postSolution
		SolutionGuid = {E325E918-F9BD-4DE0-A90F-F8A6981DE590}
	EndGlobalSection
EndGlobal
