
Microsoft Visual Studio Solution File, Format Version 12.00
# Visual Studio 15
VisualStudioVersion = 15.0.27703.2000
MinimumVisualStudioVersion = 10.0.40219.1
Project("{9A19103F-16F7-4668-BE54-9A1E7A4F7556}") = "P01. Passed", "P01. Passed\P01. Passed.csproj", "{B6036066-60D8-4F44-A71A-F8FC4C7C1AD8}"
EndProject
Project("{9A19103F-16F7-4668-BE54-9A1E7A4F7556}") = "P02. PassedOrFailed", "P02_PassedOrFailed\P02. PassedOrFailed.csproj", "{08491FC2-ACA4-4090-926C-EE1019CA1DFB}"
EndProject
Project("{9A19103F-16F7-4668-BE54-9A1E7A4F7556}") = "P03. BackIn30Minutes", "P03. BackIn30Minutes\P03. BackIn30Minutes.csproj", "{8D850464-6408-4BE4-BAE6-DA815CA5D8B4}"
EndProject
Project("{9A19103F-16F7-4668-BE54-9A1E7A4F7556}") = "P04. MonthPrinter", "P04. MonthPrinter\P04. MonthPrinter.csproj", "{4F6A9D75-B0DA-47D3-B027-6E21F1FFFD8D}"
EndProject
Project("{9A19103F-16F7-4668-BE54-9A1E7A4F7556}") = "P05. ForeignLanguages", "P05. ForeignLanguages\P05. ForeignLanguages.csproj", "{A82550C0-D947-4AEF-B4F5-60563F7B865F}"
EndProject
Project("{9A19103F-16F7-4668-BE54-9A1E7A4F7556}") = "P06. TheatrePromotion", "P06. TheatrePromotion\P06. TheatrePromotion.csproj", "{F26C9E48-90EE-401C-AE3E-FE17CB8B7BEC}"
EndProject
Project("{FAE04EC0-301F-11D3-BF4B-00C04F79EFBC}") = "P07. DivisibleBy3", "P07. DivisibleBy3\P07. DivisibleBy3.csproj", "{7A584A50-609D-49E6-B380-82A2DD6B4369}"
EndProject
Project("{FAE04EC0-301F-11D3-BF4B-00C04F79EFBC}") = "P08. SumOfOddNumbers", "P08. SumOfOddNumbers\P08. SumOfOddNumbers.csproj", "{D1108F2F-A722-466C-934A-9B19FAD3B85C}"
EndProject
Project("{FAE04EC0-301F-11D3-BF4B-00C04F79EFBC}") = "P09. MultiplicationTable", "P09. MultiplicationTable\P09. MultiplicationTable.csproj", "{1F58F7F2-7D12-493F-8E11-A7882CFCFDD8}"
EndProject
Project("{FAE04EC0-301F-11D3-BF4B-00C04F79EFBC}") = "P10. MultiplicationTable2.0", "P10. MultiplicationTable2.0\P10. MultiplicationTable2.0.csproj", "{9C1742AE-E6DD-4B85-A710-BE27D09C4646}"
EndProject
Project("{FAE04EC0-301F-11D3-BF4B-00C04F79EFBC}") = "P11. OddNumber", "P11. OddNumber\P11. OddNumber.csproj", "{C102334A-E51F-44CE-A14F-12F9FC395D1E}"
EndProject
Project("{FAE04EC0-301F-11D3-BF4B-00C04F79EFBC}") = "P12. NumberChecker", "P12. NumberChecker\P12. NumberChecker.csproj", "{6DC1D9E6-F67A-48F7-98EE-C2065A9B7894}"
EndProject
Global
	GlobalSection(SolutionConfigurationPlatforms) = preSolution
		Debug|Any CPU = Debug|Any CPU
		Release|Any CPU = Release|Any CPU
	EndGlobalSection
	GlobalSection(ProjectConfigurationPlatforms) = postSolution
		{B6036066-60D8-4F44-A71A-F8FC4C7C1AD8}.Debug|Any CPU.ActiveCfg = Debug|Any CPU
		{B6036066-60D8-4F44-A71A-F8FC4C7C1AD8}.Debug|Any CPU.Build.0 = Debug|Any CPU
		{B6036066-60D8-4F44-A71A-F8FC4C7C1AD8}.Release|Any CPU.ActiveCfg = Release|Any CPU
		{B6036066-60D8-4F44-A71A-F8FC4C7C1AD8}.Release|Any CPU.Build.0 = Release|Any CPU
		{08491FC2-ACA4-4090-926C-EE1019CA1DFB}.Debug|Any CPU.ActiveCfg = Debug|Any CPU
		{08491FC2-ACA4-4090-926C-EE1019CA1DFB}.Debug|Any CPU.Build.0 = Debug|Any CPU
		{08491FC2-ACA4-4090-926C-EE1019CA1DFB}.Release|Any CPU.ActiveCfg = Release|Any CPU
		{08491FC2-ACA4-4090-926C-EE1019CA1DFB}.Release|Any CPU.Build.0 = Release|Any CPU
		{8D850464-6408-4BE4-BAE6-DA815CA5D8B4}.Debug|Any CPU.ActiveCfg = Debug|Any CPU
		{8D850464-6408-4BE4-BAE6-DA815CA5D8B4}.Debug|Any CPU.Build.0 = Debug|Any CPU
		{8D850464-6408-4BE4-BAE6-DA815CA5D8B4}.Release|Any CPU.ActiveCfg = Release|Any CPU
		{8D850464-6408-4BE4-BAE6-DA815CA5D8B4}.Release|Any CPU.Build.0 = Release|Any CPU
		{4F6A9D75-B0DA-47D3-B027-6E21F1FFFD8D}.Debug|Any CPU.ActiveCfg = Debug|Any CPU
		{4F6A9D75-B0DA-47D3-B027-6E21F1FFFD8D}.Debug|Any CPU.Build.0 = Debug|Any CPU
		{4F6A9D75-B0DA-47D3-B027-6E21F1FFFD8D}.Release|Any CPU.ActiveCfg = Release|Any CPU
		{4F6A9D75-B0DA-47D3-B027-6E21F1FFFD8D}.Release|Any CPU.Build.0 = Release|Any CPU
		{A82550C0-D947-4AEF-B4F5-60563F7B865F}.Debug|Any CPU.ActiveCfg = Debug|Any CPU
		{A82550C0-D947-4AEF-B4F5-60563F7B865F}.Debug|Any CPU.Build.0 = Debug|Any CPU
		{A82550C0-D947-4AEF-B4F5-60563F7B865F}.Release|Any CPU.ActiveCfg = Release|Any CPU
		{A82550C0-D947-4AEF-B4F5-60563F7B865F}.Release|Any CPU.Build.0 = Release|Any CPU
		{F26C9E48-90EE-401C-AE3E-FE17CB8B7BEC}.Debug|Any CPU.ActiveCfg = Debug|Any CPU
		{F26C9E48-90EE-401C-AE3E-FE17CB8B7BEC}.Debug|Any CPU.Build.0 = Debug|Any CPU
		{F26C9E48-90EE-401C-AE3E-FE17CB8B7BEC}.Release|Any CPU.ActiveCfg = Release|Any CPU
		{F26C9E48-90EE-401C-AE3E-FE17CB8B7BEC}.Release|Any CPU.Build.0 = Release|Any CPU
		{7A584A50-609D-49E6-B380-82A2DD6B4369}.Debug|Any CPU.ActiveCfg = Debug|Any CPU
		{7A584A50-609D-49E6-B380-82A2DD6B4369}.Debug|Any CPU.Build.0 = Debug|Any CPU
		{7A584A50-609D-49E6-B380-82A2DD6B4369}.Release|Any CPU.ActiveCfg = Release|Any CPU
		{7A584A50-609D-49E6-B380-82A2DD6B4369}.Release|Any CPU.Build.0 = Release|Any CPU
		{D1108F2F-A722-466C-934A-9B19FAD3B85C}.Debug|Any CPU.ActiveCfg = Debug|Any CPU
		{D1108F2F-A722-466C-934A-9B19FAD3B85C}.Debug|Any CPU.Build.0 = Debug|Any CPU
		{D1108F2F-A722-466C-934A-9B19FAD3B85C}.Release|Any CPU.ActiveCfg = Release|Any CPU
		{D1108F2F-A722-466C-934A-9B19FAD3B85C}.Release|Any CPU.Build.0 = Release|Any CPU
		{1F58F7F2-7D12-493F-8E11-A7882CFCFDD8}.Debug|Any CPU.ActiveCfg = Debug|Any CPU
		{1F58F7F2-7D12-493F-8E11-A7882CFCFDD8}.Debug|Any CPU.Build.0 = Debug|Any CPU
		{1F58F7F2-7D12-493F-8E11-A7882CFCFDD8}.Release|Any CPU.ActiveCfg = Release|Any CPU
		{1F58F7F2-7D12-493F-8E11-A7882CFCFDD8}.Release|Any CPU.Build.0 = Release|Any CPU
		{9C1742AE-E6DD-4B85-A710-BE27D09C4646}.Debug|Any CPU.ActiveCfg = Debug|Any CPU
		{9C1742AE-E6DD-4B85-A710-BE27D09C4646}.Debug|Any CPU.Build.0 = Debug|Any CPU
		{9C1742AE-E6DD-4B85-A710-BE27D09C4646}.Release|Any CPU.ActiveCfg = Release|Any CPU
		{9C1742AE-E6DD-4B85-A710-BE27D09C4646}.Release|Any CPU.Build.0 = Release|Any CPU
		{C102334A-E51F-44CE-A14F-12F9FC395D1E}.Debug|Any CPU.ActiveCfg = Debug|Any CPU
		{C102334A-E51F-44CE-A14F-12F9FC395D1E}.Debug|Any CPU.Build.0 = Debug|Any CPU
		{C102334A-E51F-44CE-A14F-12F9FC395D1E}.Release|Any CPU.ActiveCfg = Release|Any CPU
		{C102334A-E51F-44CE-A14F-12F9FC395D1E}.Release|Any CPU.Build.0 = Release|Any CPU
		{6DC1D9E6-F67A-48F7-98EE-C2065A9B7894}.Debug|Any CPU.ActiveCfg = Debug|Any CPU
		{6DC1D9E6-F67A-48F7-98EE-C2065A9B7894}.Debug|Any CPU.Build.0 = Debug|Any CPU
		{6DC1D9E6-F67A-48F7-98EE-C2065A9B7894}.Release|Any CPU.ActiveCfg = Release|Any CPU
		{6DC1D9E6-F67A-48F7-98EE-C2065A9B7894}.Release|Any CPU.Build.0 = Release|Any CPU
	EndGlobalSection
	GlobalSection(SolutionProperties) = preSolution
		HideSolutionNode = FALSE
	EndGlobalSection
	GlobalSection(ExtensibilityGlobals) = postSolution
		SolutionGuid = {CCCE658F-6FC8-4923-A58B-A1943FF56EF6}
	EndGlobalSection
EndGlobal
