
Microsoft Visual Studio Solution File, Format Version 12.00
# Visual Studio 15
VisualStudioVersion = 15.0.27703.2000
MinimumVisualStudioVersion = 10.0.40219.1
Project("{FAE04EC0-301F-11D3-BF4B-00C04F79EFBC}") = "P01.CenturiesToMinutes", "P01.CenturiesToMinutes\P01.CenturiesToMinutes.csproj", "{79A1B4BF-8B36-471F-9048-FB3F9F80A20E}"
EndProject
Project("{FAE04EC0-301F-11D3-BF4B-00C04F79EFBC}") = "P02.CircleArea(Precision12)", "P02.CircleArea(Precision12)\P02.CircleArea(Precision12).csproj", "{EB3E53F4-E461-4428-9B7C-1B79916BB7BD}"
EndProject
Project("{FAE04EC0-301F-11D3-BF4B-00C04F79EFBC}") = "P03.ExactSumOfRealNumbers", "P03.ExactSumOfRealNumbers\P03.ExactSumOfRealNumbers.csproj", "{3CC665CE-22EA-42C9-BB4F-B2BA5A6476A5}"
EndProject
Project("{FAE04EC0-301F-11D3-BF4B-00C04F79EFBC}") = "P04.Elevator", "P04.Elevator\P04.Elevator.csproj", "{132B93E4-E06E-45DC-95B4-6E8E5C9D46DD}"
EndProject
Project("{FAE04EC0-301F-11D3-BF4B-00C04F79EFBC}") = "P05.SpecialNumbers", "P05.SpecialNumbers\P05.SpecialNumbers.csproj", "{0C80E34D-CD42-450F-B31C-59803EBCB02D}"
EndProject
Project("{FAE04EC0-301F-11D3-BF4B-00C04F79EFBC}") = "P06.TriplesOfLatinLetters", "P06.TriplesOfLatinLetters\P06.TriplesOfLatinLetters.csproj", "{835595FF-0B21-4BA4-A53E-4F9385A64954}"
EndProject
Project("{FAE04EC0-301F-11D3-BF4B-00C04F79EFBC}") = "P07.Greeting", "P07.Greeting\P07.Greeting.csproj", "{06D1FC60-477C-493B-BB84-B31D0898441D}"
EndProject
Project("{FAE04EC0-301F-11D3-BF4B-00C04F79EFBC}") = "P08.RefactorVolumeOfPyramid", "P08.RefactorVolumeOfPyramid\P08.RefactorVolumeOfPyramid.csproj", "{DA5F5FC3-4DA9-491C-8969-D6F8B6D44C8D}"
EndProject
Project("{FAE04EC0-301F-11D3-BF4B-00C04F79EFBC}") = "P09.RefactorSpecialNumbers", "P09.RefactorSpecialNumbers\P09.RefactorSpecialNumbers.csproj", "{E2F3D999-E910-4F44-A3C5-2B5D4EBC21BE}"
EndProject
Global
	GlobalSection(SolutionConfigurationPlatforms) = preSolution
		Debug|Any CPU = Debug|Any CPU
		Release|Any CPU = Release|Any CPU
	EndGlobalSection
	GlobalSection(ProjectConfigurationPlatforms) = postSolution
		{79A1B4BF-8B36-471F-9048-FB3F9F80A20E}.Debug|Any CPU.ActiveCfg = Debug|Any CPU
		{79A1B4BF-8B36-471F-9048-FB3F9F80A20E}.Debug|Any CPU.Build.0 = Debug|Any CPU
		{79A1B4BF-8B36-471F-9048-FB3F9F80A20E}.Release|Any CPU.ActiveCfg = Release|Any CPU
		{79A1B4BF-8B36-471F-9048-FB3F9F80A20E}.Release|Any CPU.Build.0 = Release|Any CPU
		{EB3E53F4-E461-4428-9B7C-1B79916BB7BD}.Debug|Any CPU.ActiveCfg = Debug|Any CPU
		{EB3E53F4-E461-4428-9B7C-1B79916BB7BD}.Debug|Any CPU.Build.0 = Debug|Any CPU
		{EB3E53F4-E461-4428-9B7C-1B79916BB7BD}.Release|Any CPU.ActiveCfg = Release|Any CPU
		{EB3E53F4-E461-4428-9B7C-1B79916BB7BD}.Release|Any CPU.Build.0 = Release|Any CPU
		{3CC665CE-22EA-42C9-BB4F-B2BA5A6476A5}.Debug|Any CPU.ActiveCfg = Debug|Any CPU
		{3CC665CE-22EA-42C9-BB4F-B2BA5A6476A5}.Debug|Any CPU.Build.0 = Debug|Any CPU
		{3CC665CE-22EA-42C9-BB4F-B2BA5A6476A5}.Release|Any CPU.ActiveCfg = Release|Any CPU
		{3CC665CE-22EA-42C9-BB4F-B2BA5A6476A5}.Release|Any CPU.Build.0 = Release|Any CPU
		{132B93E4-E06E-45DC-95B4-6E8E5C9D46DD}.Debug|Any CPU.ActiveCfg = Debug|Any CPU
		{132B93E4-E06E-45DC-95B4-6E8E5C9D46DD}.Debug|Any CPU.Build.0 = Debug|Any CPU
		{132B93E4-E06E-45DC-95B4-6E8E5C9D46DD}.Release|Any CPU.ActiveCfg = Release|Any CPU
		{132B93E4-E06E-45DC-95B4-6E8E5C9D46DD}.Release|Any CPU.Build.0 = Release|Any CPU
		{0C80E34D-CD42-450F-B31C-59803EBCB02D}.Debug|Any CPU.ActiveCfg = Debug|Any CPU
		{0C80E34D-CD42-450F-B31C-59803EBCB02D}.Debug|Any CPU.Build.0 = Debug|Any CPU
		{0C80E34D-CD42-450F-B31C-59803EBCB02D}.Release|Any CPU.ActiveCfg = Release|Any CPU
		{0C80E34D-CD42-450F-B31C-59803EBCB02D}.Release|Any CPU.Build.0 = Release|Any CPU
		{835595FF-0B21-4BA4-A53E-4F9385A64954}.Debug|Any CPU.ActiveCfg = Debug|Any CPU
		{835595FF-0B21-4BA4-A53E-4F9385A64954}.Debug|Any CPU.Build.0 = Debug|Any CPU
		{835595FF-0B21-4BA4-A53E-4F9385A64954}.Release|Any CPU.ActiveCfg = Release|Any CPU
		{835595FF-0B21-4BA4-A53E-4F9385A64954}.Release|Any CPU.Build.0 = Release|Any CPU
		{06D1FC60-477C-493B-BB84-B31D0898441D}.Debug|Any CPU.ActiveCfg = Debug|Any CPU
		{06D1FC60-477C-493B-BB84-B31D0898441D}.Debug|Any CPU.Build.0 = Debug|Any CPU
		{06D1FC60-477C-493B-BB84-B31D0898441D}.Release|Any CPU.ActiveCfg = Release|Any CPU
		{06D1FC60-477C-493B-BB84-B31D0898441D}.Release|Any CPU.Build.0 = Release|Any CPU
		{DA5F5FC3-4DA9-491C-8969-D6F8B6D44C8D}.Debug|Any CPU.ActiveCfg = Debug|Any CPU
		{DA5F5FC3-4DA9-491C-8969-D6F8B6D44C8D}.Debug|Any CPU.Build.0 = Debug|Any CPU
		{DA5F5FC3-4DA9-491C-8969-D6F8B6D44C8D}.Release|Any CPU.ActiveCfg = Release|Any CPU
		{DA5F5FC3-4DA9-491C-8969-D6F8B6D44C8D}.Release|Any CPU.Build.0 = Release|Any CPU
		{E2F3D999-E910-4F44-A3C5-2B5D4EBC21BE}.Debug|Any CPU.ActiveCfg = Debug|Any CPU
		{E2F3D999-E910-4F44-A3C5-2B5D4EBC21BE}.Debug|Any CPU.Build.0 = Debug|Any CPU
		{E2F3D999-E910-4F44-A3C5-2B5D4EBC21BE}.Release|Any CPU.ActiveCfg = Release|Any CPU
		{E2F3D999-E910-4F44-A3C5-2B5D4EBC21BE}.Release|Any CPU.Build.0 = Release|Any CPU
	EndGlobalSection
	GlobalSection(SolutionProperties) = preSolution
		HideSolutionNode = FALSE
	EndGlobalSection
	GlobalSection(ExtensibilityGlobals) = postSolution
		SolutionGuid = {7E1BB858-07E2-4B2C-8EE5-7AC326B1F9CB}
	EndGlobalSection
EndGlobal
