
Microsoft Visual Studio Solution File, Format Version 12.00
# Visual Studio 15
VisualStudioVersion = 15.0.27703.2035
MinimumVisualStudioVersion = 10.0.40219.1
Project("{FAE04EC0-301F-11D3-BF4B-00C04F79EFBC}") = "P01.RageExpenses", "P01.RageExpenses\P01.RageExpenses.csproj", "{E21770CC-260A-462D-8775-8126C501AE42}"
EndProject
Project("{FAE04EC0-301F-11D3-BF4B-00C04F79EFBC}") = "P02.MemoryView", "P02.MemoryView\P02.MemoryView.csproj", "{77DA270F-0C98-4653-BAD7-A35175C98CFF}"
EndProject
Project("{FAE04EC0-301F-11D3-BF4B-00C04F79EFBC}") = "P03.TseamAccount", "P03.TseamAccount\P03.TseamAccount.csproj", "{7AA1CCF1-3B4A-48BB-A9D2-CCA9E19F7128}"
EndProject
Global
	GlobalSection(SolutionConfigurationPlatforms) = preSolution
		Debug|Any CPU = Debug|Any CPU
		Release|Any CPU = Release|Any CPU
	EndGlobalSection
	GlobalSection(ProjectConfigurationPlatforms) = postSolution
		{E21770CC-260A-462D-8775-8126C501AE42}.Debug|Any CPU.ActiveCfg = Debug|Any CPU
		{E21770CC-260A-462D-8775-8126C501AE42}.Debug|Any CPU.Build.0 = Debug|Any CPU
		{E21770CC-260A-462D-8775-8126C501AE42}.Release|Any CPU.ActiveCfg = Release|Any CPU
		{E21770CC-260A-462D-8775-8126C501AE42}.Release|Any CPU.Build.0 = Release|Any CPU
		{77DA270F-0C98-4653-BAD7-A35175C98CFF}.Debug|Any CPU.ActiveCfg = Debug|Any CPU
		{77DA270F-0C98-4653-BAD7-A35175C98CFF}.Debug|Any CPU.Build.0 = Debug|Any CPU
		{77DA270F-0C98-4653-BAD7-A35175C98CFF}.Release|Any CPU.ActiveCfg = Release|Any CPU
		{77DA270F-0C98-4653-BAD7-A35175C98CFF}.Release|Any CPU.Build.0 = Release|Any CPU
		{7AA1CCF1-3B4A-48BB-A9D2-CCA9E19F7128}.Debug|Any CPU.ActiveCfg = Debug|Any CPU
		{7AA1CCF1-3B4A-48BB-A9D2-CCA9E19F7128}.Debug|Any CPU.Build.0 = Debug|Any CPU
		{7AA1CCF1-3B4A-48BB-A9D2-CCA9E19F7128}.Release|Any CPU.ActiveCfg = Release|Any CPU
		{7AA1CCF1-3B4A-48BB-A9D2-CCA9E19F7128}.Release|Any CPU.Build.0 = Release|Any CPU
	EndGlobalSection
	GlobalSection(SolutionProperties) = preSolution
		HideSolutionNode = FALSE
	EndGlobalSection
	GlobalSection(ExtensibilityGlobals) = postSolution
		SolutionGuid = {708F2269-5993-4513-AFAA-D33496BCF493}
	EndGlobalSection
EndGlobal
