
Microsoft Visual Studio Solution File, Format Version 12.00
# Visual Studio 15
VisualStudioVersion = 15.0.27703.2000
MinimumVisualStudioVersion = 10.0.40219.1
Project("{9A19103F-16F7-4668-BE54-9A1E7A4F7556}") = "P01.ChooseADrink", "P01. ChooseADrink\P01.ChooseADrink.csproj", "{2021ECCD-0262-441A-83CE-B8B0E0D55A09}"
EndProject
Project("{9A19103F-16F7-4668-BE54-9A1E7A4F7556}") = "P02.ChooseADrink2.0", "P02. ChooseADrink2.0\P02.ChooseADrink2.0.csproj", "{8E312264-CBF0-4B28-B1CF-E33E3610CF65}"
EndProject
Project("{9A19103F-16F7-4668-BE54-9A1E7A4F7556}") = "P03.RestaurantDiscount", "P03. RestaurantDiscount\P03.RestaurantDiscount.csproj", "{ABD7631B-54E0-4B1A-B79A-6D54C2990E8B}"
EndProject
Project("{9A19103F-16F7-4668-BE54-9A1E7A4F7556}") = "P04.Hotel", "P04. Hotel\P04.Hotel.csproj", "{E507F62D-94B2-46D3-9975-37A87500C06B}"
EndProject
Project("{9A19103F-16F7-4668-BE54-9A1E7A4F7556}") = "P05.WordInPlural", "P05.WordInPlural\P05.WordInPlural.csproj", "{33E73208-D612-4660-89A4-EBBD78BA5D1A}"
EndProject
Project("{9A19103F-16F7-4668-BE54-9A1E7A4F7556}") = "P06.IntervalOfNumbers", "P06.IntervalOfNumbers\P06.IntervalOfNumbers.csproj", "{F5BA76D7-AB0C-46F6-92C7-95667257C2A7}"
EndProject
Project("{9A19103F-16F7-4668-BE54-9A1E7A4F7556}") = "P07.CakeIngredients", "P07.CakeIngredients\P07.CakeIngredients.csproj", "{A5BCF8C5-2088-4D09-B769-9C277C18C11E}"
EndProject
Project("{9A19103F-16F7-4668-BE54-9A1E7A4F7556}") = "P08.CaloriesCounter", "P08.CaloriesCounter\P08.CaloriesCounter.csproj", "{A12A73FE-04C3-46BF-A5A7-B1DD83FFE45B}"
EndProject
Project("{9A19103F-16F7-4668-BE54-9A1E7A4F7556}") = "P09.CountTheIntegers", "P09.CountTheIntegers\P09.CountTheIntegers.csproj", "{08C072BB-2483-42CC-9266-47F71E154AE0}"
EndProject
Project("{9A19103F-16F7-4668-BE54-9A1E7A4F7556}") = "P10.TriangleOfNumbers", "P10.TriangleOfNumbers\P10.TriangleOfNumbers.csproj", "{7877C7A7-313A-407A-A222-D4DAA0BF0B0E}"
EndProject
Project("{9A19103F-16F7-4668-BE54-9A1E7A4F7556}") = "P11.5DifferentNumbers", "P11.5DifferentNumbers\P11.5DifferentNumbers.csproj", "{EC71FD27-7759-4CDC-874E-E88537029D0D}"
EndProject
Project("{9A19103F-16F7-4668-BE54-9A1E7A4F7556}") = "P12.TestNumbers", "P12.TestNumbers\P12.TestNumbers.csproj", "{BC2AF61F-87CC-4024-9A3E-106206032D80}"
EndProject
Project("{9A19103F-16F7-4668-BE54-9A1E7A4F7556}") = "P13.GameOfNumbers", "P13.GameOfNumbers\P13.GameOfNumbers.csproj", "{D4B6A47E-F651-4F34-A5D8-8BF6799C8E2D}"
EndProject
Project("{9A19103F-16F7-4668-BE54-9A1E7A4F7556}") = "P14.MagicLetter", "P14.MagicLetter\P14.MagicLetter.csproj", "{AC9B66F8-AA2D-4D58-9FBC-11492A5527F5}"
EndProject
Project("{FAE04EC0-301F-11D3-BF4B-00C04F79EFBC}") = "P15.NeighbourWars", "P15.NeighbourWars\P15.NeighbourWars.csproj", "{CA008F4A-B8E2-4143-8870-AA5EF98C2276}"
EndProject
Global
	GlobalSection(SolutionConfigurationPlatforms) = preSolution
		Debug|Any CPU = Debug|Any CPU
		Release|Any CPU = Release|Any CPU
	EndGlobalSection
	GlobalSection(ProjectConfigurationPlatforms) = postSolution
		{2021ECCD-0262-441A-83CE-B8B0E0D55A09}.Debug|Any CPU.ActiveCfg = Debug|Any CPU
		{2021ECCD-0262-441A-83CE-B8B0E0D55A09}.Debug|Any CPU.Build.0 = Debug|Any CPU
		{2021ECCD-0262-441A-83CE-B8B0E0D55A09}.Release|Any CPU.ActiveCfg = Release|Any CPU
		{2021ECCD-0262-441A-83CE-B8B0E0D55A09}.Release|Any CPU.Build.0 = Release|Any CPU
		{8E312264-CBF0-4B28-B1CF-E33E3610CF65}.Debug|Any CPU.ActiveCfg = Debug|Any CPU
		{8E312264-CBF0-4B28-B1CF-E33E3610CF65}.Debug|Any CPU.Build.0 = Debug|Any CPU
		{8E312264-CBF0-4B28-B1CF-E33E3610CF65}.Release|Any CPU.ActiveCfg = Release|Any CPU
		{8E312264-CBF0-4B28-B1CF-E33E3610CF65}.Release|Any CPU.Build.0 = Release|Any CPU
		{ABD7631B-54E0-4B1A-B79A-6D54C2990E8B}.Debug|Any CPU.ActiveCfg = Debug|Any CPU
		{ABD7631B-54E0-4B1A-B79A-6D54C2990E8B}.Debug|Any CPU.Build.0 = Debug|Any CPU
		{ABD7631B-54E0-4B1A-B79A-6D54C2990E8B}.Release|Any CPU.ActiveCfg = Release|Any CPU
		{ABD7631B-54E0-4B1A-B79A-6D54C2990E8B}.Release|Any CPU.Build.0 = Release|Any CPU
		{E507F62D-94B2-46D3-9975-37A87500C06B}.Debug|Any CPU.ActiveCfg = Debug|Any CPU
		{E507F62D-94B2-46D3-9975-37A87500C06B}.Debug|Any CPU.Build.0 = Debug|Any CPU
		{E507F62D-94B2-46D3-9975-37A87500C06B}.Release|Any CPU.ActiveCfg = Release|Any CPU
		{E507F62D-94B2-46D3-9975-37A87500C06B}.Release|Any CPU.Build.0 = Release|Any CPU
		{33E73208-D612-4660-89A4-EBBD78BA5D1A}.Debug|Any CPU.ActiveCfg = Debug|Any CPU
		{33E73208-D612-4660-89A4-EBBD78BA5D1A}.Debug|Any CPU.Build.0 = Debug|Any CPU
		{33E73208-D612-4660-89A4-EBBD78BA5D1A}.Release|Any CPU.ActiveCfg = Release|Any CPU
		{33E73208-D612-4660-89A4-EBBD78BA5D1A}.Release|Any CPU.Build.0 = Release|Any CPU
		{F5BA76D7-AB0C-46F6-92C7-95667257C2A7}.Debug|Any CPU.ActiveCfg = Debug|Any CPU
		{F5BA76D7-AB0C-46F6-92C7-95667257C2A7}.Debug|Any CPU.Build.0 = Debug|Any CPU
		{F5BA76D7-AB0C-46F6-92C7-95667257C2A7}.Release|Any CPU.ActiveCfg = Release|Any CPU
		{F5BA76D7-AB0C-46F6-92C7-95667257C2A7}.Release|Any CPU.Build.0 = Release|Any CPU
		{A5BCF8C5-2088-4D09-B769-9C277C18C11E}.Debug|Any CPU.ActiveCfg = Debug|Any CPU
		{A5BCF8C5-2088-4D09-B769-9C277C18C11E}.Debug|Any CPU.Build.0 = Debug|Any CPU
		{A5BCF8C5-2088-4D09-B769-9C277C18C11E}.Release|Any CPU.ActiveCfg = Release|Any CPU
		{A5BCF8C5-2088-4D09-B769-9C277C18C11E}.Release|Any CPU.Build.0 = Release|Any CPU
		{A12A73FE-04C3-46BF-A5A7-B1DD83FFE45B}.Debug|Any CPU.ActiveCfg = Debug|Any CPU
		{A12A73FE-04C3-46BF-A5A7-B1DD83FFE45B}.Debug|Any CPU.Build.0 = Debug|Any CPU
		{A12A73FE-04C3-46BF-A5A7-B1DD83FFE45B}.Release|Any CPU.ActiveCfg = Release|Any CPU
		{A12A73FE-04C3-46BF-A5A7-B1DD83FFE45B}.Release|Any CPU.Build.0 = Release|Any CPU
		{08C072BB-2483-42CC-9266-47F71E154AE0}.Debug|Any CPU.ActiveCfg = Debug|Any CPU
		{08C072BB-2483-42CC-9266-47F71E154AE0}.Debug|Any CPU.Build.0 = Debug|Any CPU
		{08C072BB-2483-42CC-9266-47F71E154AE0}.Release|Any CPU.ActiveCfg = Release|Any CPU
		{08C072BB-2483-42CC-9266-47F71E154AE0}.Release|Any CPU.Build.0 = Release|Any CPU
		{7877C7A7-313A-407A-A222-D4DAA0BF0B0E}.Debug|Any CPU.ActiveCfg = Debug|Any CPU
		{7877C7A7-313A-407A-A222-D4DAA0BF0B0E}.Debug|Any CPU.Build.0 = Debug|Any CPU
		{7877C7A7-313A-407A-A222-D4DAA0BF0B0E}.Release|Any CPU.ActiveCfg = Release|Any CPU
		{7877C7A7-313A-407A-A222-D4DAA0BF0B0E}.Release|Any CPU.Build.0 = Release|Any CPU
		{EC71FD27-7759-4CDC-874E-E88537029D0D}.Debug|Any CPU.ActiveCfg = Debug|Any CPU
		{EC71FD27-7759-4CDC-874E-E88537029D0D}.Debug|Any CPU.Build.0 = Debug|Any CPU
		{EC71FD27-7759-4CDC-874E-E88537029D0D}.Release|Any CPU.ActiveCfg = Release|Any CPU
		{EC71FD27-7759-4CDC-874E-E88537029D0D}.Release|Any CPU.Build.0 = Release|Any CPU
		{BC2AF61F-87CC-4024-9A3E-106206032D80}.Debug|Any CPU.ActiveCfg = Debug|Any CPU
		{BC2AF61F-87CC-4024-9A3E-106206032D80}.Debug|Any CPU.Build.0 = Debug|Any CPU
		{BC2AF61F-87CC-4024-9A3E-106206032D80}.Release|Any CPU.ActiveCfg = Release|Any CPU
		{BC2AF61F-87CC-4024-9A3E-106206032D80}.Release|Any CPU.Build.0 = Release|Any CPU
		{D4B6A47E-F651-4F34-A5D8-8BF6799C8E2D}.Debug|Any CPU.ActiveCfg = Debug|Any CPU
		{D4B6A47E-F651-4F34-A5D8-8BF6799C8E2D}.Debug|Any CPU.Build.0 = Debug|Any CPU
		{D4B6A47E-F651-4F34-A5D8-8BF6799C8E2D}.Release|Any CPU.ActiveCfg = Release|Any CPU
		{D4B6A47E-F651-4F34-A5D8-8BF6799C8E2D}.Release|Any CPU.Build.0 = Release|Any CPU
		{AC9B66F8-AA2D-4D58-9FBC-11492A5527F5}.Debug|Any CPU.ActiveCfg = Debug|Any CPU
		{AC9B66F8-AA2D-4D58-9FBC-11492A5527F5}.Debug|Any CPU.Build.0 = Debug|Any CPU
		{AC9B66F8-AA2D-4D58-9FBC-11492A5527F5}.Release|Any CPU.ActiveCfg = Release|Any CPU
		{AC9B66F8-AA2D-4D58-9FBC-11492A5527F5}.Release|Any CPU.Build.0 = Release|Any CPU
		{CA008F4A-B8E2-4143-8870-AA5EF98C2276}.Debug|Any CPU.ActiveCfg = Debug|Any CPU
		{CA008F4A-B8E2-4143-8870-AA5EF98C2276}.Debug|Any CPU.Build.0 = Debug|Any CPU
		{CA008F4A-B8E2-4143-8870-AA5EF98C2276}.Release|Any CPU.ActiveCfg = Release|Any CPU
		{CA008F4A-B8E2-4143-8870-AA5EF98C2276}.Release|Any CPU.Build.0 = Release|Any CPU
	EndGlobalSection
	GlobalSection(SolutionProperties) = preSolution
		HideSolutionNode = FALSE
	EndGlobalSection
	GlobalSection(ExtensibilityGlobals) = postSolution
		SolutionGuid = {3CDD9466-494D-4C74-9B8F-ACCDFC227B6A}
	EndGlobalSection
EndGlobal
