
Microsoft Visual Studio Solution File, Format Version 12.00
# Visual Studio 15
VisualStudioVersion = 15.0.27703.2000
MinimumVisualStudioVersion = 10.0.40219.1
Project("{9A19103F-16F7-4668-BE54-9A1E7A4F7556}") = "P01. DebitCardNumber", "P01. DebitCardNumber\P01. DebitCardNumber.csproj", "{9C5463F6-53E5-4BF7-9AA9-6733B65F8499}"
EndProject
Project("{9A19103F-16F7-4668-BE54-9A1E7A4F7556}") = "P02. RectangleArea", "P02. RectangleArea\P02. RectangleArea.csproj", "{B24305C4-0B83-4C6E-BFCE-47F8215F5959}"
EndProject
Project("{9A19103F-16F7-4668-BE54-9A1E7A4F7556}") = "P03. MilesToKilometers", "P03. MilesToKilometers\P03. MilesToKilometers.csproj", "{F95EF1BB-460E-4C51-970A-AFBE3201558F}"
EndProject
Project("{9A19103F-16F7-4668-BE54-9A1E7A4F7556}") = "P04. BeverageLabels", "P04. BeverageLabels\P04. BeverageLabels.csproj", "{443442E9-72DA-4AD2-B17F-C56C794AC3E2}"
EndProject
Project("{FAE04EC0-301F-11D3-BF4B-00C04F79EFBC}") = "P05. CharacterStats", "P05. CharacterStats\P05. CharacterStats.csproj", "{0F45229B-1C17-4D72-8E4B-A4D64AC1CC84}"
EndProject
Global
	GlobalSection(SolutionConfigurationPlatforms) = preSolution
		Debug|Any CPU = Debug|Any CPU
		Release|Any CPU = Release|Any CPU
	EndGlobalSection
	GlobalSection(ProjectConfigurationPlatforms) = postSolution
		{9C5463F6-53E5-4BF7-9AA9-6733B65F8499}.Debug|Any CPU.ActiveCfg = Debug|Any CPU
		{9C5463F6-53E5-4BF7-9AA9-6733B65F8499}.Debug|Any CPU.Build.0 = Debug|Any CPU
		{9C5463F6-53E5-4BF7-9AA9-6733B65F8499}.Release|Any CPU.ActiveCfg = Release|Any CPU
		{9C5463F6-53E5-4BF7-9AA9-6733B65F8499}.Release|Any CPU.Build.0 = Release|Any CPU
		{B24305C4-0B83-4C6E-BFCE-47F8215F5959}.Debug|Any CPU.ActiveCfg = Debug|Any CPU
		{B24305C4-0B83-4C6E-BFCE-47F8215F5959}.Debug|Any CPU.Build.0 = Debug|Any CPU
		{B24305C4-0B83-4C6E-BFCE-47F8215F5959}.Release|Any CPU.ActiveCfg = Release|Any CPU
		{B24305C4-0B83-4C6E-BFCE-47F8215F5959}.Release|Any CPU.Build.0 = Release|Any CPU
		{F95EF1BB-460E-4C51-970A-AFBE3201558F}.Debug|Any CPU.ActiveCfg = Debug|Any CPU
		{F95EF1BB-460E-4C51-970A-AFBE3201558F}.Debug|Any CPU.Build.0 = Debug|Any CPU
		{F95EF1BB-460E-4C51-970A-AFBE3201558F}.Release|Any CPU.ActiveCfg = Release|Any CPU
		{F95EF1BB-460E-4C51-970A-AFBE3201558F}.Release|Any CPU.Build.0 = Release|Any CPU
		{443442E9-72DA-4AD2-B17F-C56C794AC3E2}.Debug|Any CPU.ActiveCfg = Debug|Any CPU
		{443442E9-72DA-4AD2-B17F-C56C794AC3E2}.Debug|Any CPU.Build.0 = Debug|Any CPU
		{443442E9-72DA-4AD2-B17F-C56C794AC3E2}.Release|Any CPU.ActiveCfg = Release|Any CPU
		{443442E9-72DA-4AD2-B17F-C56C794AC3E2}.Release|Any CPU.Build.0 = Release|Any CPU
		{0F45229B-1C17-4D72-8E4B-A4D64AC1CC84}.Debug|Any CPU.ActiveCfg = Debug|Any CPU
		{0F45229B-1C17-4D72-8E4B-A4D64AC1CC84}.Debug|Any CPU.Build.0 = Debug|Any CPU
		{0F45229B-1C17-4D72-8E4B-A4D64AC1CC84}.Release|Any CPU.ActiveCfg = Release|Any CPU
		{0F45229B-1C17-4D72-8E4B-A4D64AC1CC84}.Release|Any CPU.Build.0 = Release|Any CPU
	EndGlobalSection
	GlobalSection(SolutionProperties) = preSolution
		HideSolutionNode = FALSE
	EndGlobalSection
	GlobalSection(ExtensibilityGlobals) = postSolution
		SolutionGuid = {23477386-11EC-4112-876E-27EF1E013A76}
	EndGlobalSection
EndGlobal
