
Microsoft Visual Studio Solution File, Format Version 12.00
# Visual Studio 15
VisualStudioVersion = 15.0.27703.2026
MinimumVisualStudioVersion = 10.0.40219.1
Project("{9A19103F-16F7-4668-BE54-9A1E7A4F7556}") = "P01.DayOfWeek", "P01.DayOfWeek\P01.DayOfWeek.csproj", "{4348C260-16AA-4C9E-A5A6-6AE5A0502369}"
EndProject
Project("{9A19103F-16F7-4668-BE54-9A1E7A4F7556}") = "P02.RandomizeWords", "P02.RandomizeWords\P02.RandomizeWords.csproj", "{FBDF1788-65D3-439D-9988-294CE79BB4A6}"
EndProject
Project("{9A19103F-16F7-4668-BE54-9A1E7A4F7556}") = "P03.BigFactorial", "P03.BigFactorial\P03.BigFactorial.csproj", "{1D9A9DA3-14A1-422E-92FB-76B78A93B319}"
EndProject
Project("{FAE04EC0-301F-11D3-BF4B-00C04F79EFBC}") = "P04.DistanceBetweenPoints", "P04.DistanceBetweenPoints\P04.DistanceBetweenPoints.csproj", "{84102438-2AC4-4FB6-B8C2-4C00B045DA47}"
EndProject
Project("{FAE04EC0-301F-11D3-BF4B-00C04F79EFBC}") = "P05.ClosestTwoPoints", "P05.ClosestTwoPoints\P05.ClosestTwoPoints.csproj", "{E26F52B2-E933-4779-84F0-1EF283730D8A}"
EndProject
Project("{FAE04EC0-301F-11D3-BF4B-00C04F79EFBC}") = "P06.RectanglePosition", "P06.RectanglePosition\P06.RectanglePosition.csproj", "{A9324D91-3DBB-43CA-8C57-207BC2945D4D}"
EndProject
Project("{FAE04EC0-301F-11D3-BF4B-00C04F79EFBC}") = "P07.SalesReport", "P07.SalesReport\P07.SalesReport.csproj", "{1C05D6EB-B90A-46AF-8E70-8A367B483758}"
EndProject
Global
	GlobalSection(SolutionConfigurationPlatforms) = preSolution
		Debug|Any CPU = Debug|Any CPU
		Release|Any CPU = Release|Any CPU
	EndGlobalSection
	GlobalSection(ProjectConfigurationPlatforms) = postSolution
		{4348C260-16AA-4C9E-A5A6-6AE5A0502369}.Debug|Any CPU.ActiveCfg = Debug|Any CPU
		{4348C260-16AA-4C9E-A5A6-6AE5A0502369}.Debug|Any CPU.Build.0 = Debug|Any CPU
		{4348C260-16AA-4C9E-A5A6-6AE5A0502369}.Release|Any CPU.ActiveCfg = Release|Any CPU
		{4348C260-16AA-4C9E-A5A6-6AE5A0502369}.Release|Any CPU.Build.0 = Release|Any CPU
		{FBDF1788-65D3-439D-9988-294CE79BB4A6}.Debug|Any CPU.ActiveCfg = Debug|Any CPU
		{FBDF1788-65D3-439D-9988-294CE79BB4A6}.Debug|Any CPU.Build.0 = Debug|Any CPU
		{FBDF1788-65D3-439D-9988-294CE79BB4A6}.Release|Any CPU.ActiveCfg = Release|Any CPU
		{FBDF1788-65D3-439D-9988-294CE79BB4A6}.Release|Any CPU.Build.0 = Release|Any CPU
		{1D9A9DA3-14A1-422E-92FB-76B78A93B319}.Debug|Any CPU.ActiveCfg = Debug|Any CPU
		{1D9A9DA3-14A1-422E-92FB-76B78A93B319}.Debug|Any CPU.Build.0 = Debug|Any CPU
		{1D9A9DA3-14A1-422E-92FB-76B78A93B319}.Release|Any CPU.ActiveCfg = Release|Any CPU
		{1D9A9DA3-14A1-422E-92FB-76B78A93B319}.Release|Any CPU.Build.0 = Release|Any CPU
		{84102438-2AC4-4FB6-B8C2-4C00B045DA47}.Debug|Any CPU.ActiveCfg = Debug|Any CPU
		{84102438-2AC4-4FB6-B8C2-4C00B045DA47}.Debug|Any CPU.Build.0 = Debug|Any CPU
		{84102438-2AC4-4FB6-B8C2-4C00B045DA47}.Release|Any CPU.ActiveCfg = Release|Any CPU
		{84102438-2AC4-4FB6-B8C2-4C00B045DA47}.Release|Any CPU.Build.0 = Release|Any CPU
		{E26F52B2-E933-4779-84F0-1EF283730D8A}.Debug|Any CPU.ActiveCfg = Debug|Any CPU
		{E26F52B2-E933-4779-84F0-1EF283730D8A}.Debug|Any CPU.Build.0 = Debug|Any CPU
		{E26F52B2-E933-4779-84F0-1EF283730D8A}.Release|Any CPU.ActiveCfg = Release|Any CPU
		{E26F52B2-E933-4779-84F0-1EF283730D8A}.Release|Any CPU.Build.0 = Release|Any CPU
		{A9324D91-3DBB-43CA-8C57-207BC2945D4D}.Debug|Any CPU.ActiveCfg = Debug|Any CPU
		{A9324D91-3DBB-43CA-8C57-207BC2945D4D}.Debug|Any CPU.Build.0 = Debug|Any CPU
		{A9324D91-3DBB-43CA-8C57-207BC2945D4D}.Release|Any CPU.ActiveCfg = Release|Any CPU
		{A9324D91-3DBB-43CA-8C57-207BC2945D4D}.Release|Any CPU.Build.0 = Release|Any CPU
		{1C05D6EB-B90A-46AF-8E70-8A367B483758}.Debug|Any CPU.ActiveCfg = Debug|Any CPU
		{1C05D6EB-B90A-46AF-8E70-8A367B483758}.Debug|Any CPU.Build.0 = Debug|Any CPU
		{1C05D6EB-B90A-46AF-8E70-8A367B483758}.Release|Any CPU.ActiveCfg = Release|Any CPU
		{1C05D6EB-B90A-46AF-8E70-8A367B483758}.Release|Any CPU.Build.0 = Release|Any CPU
	EndGlobalSection
	GlobalSection(SolutionProperties) = preSolution
		HideSolutionNode = FALSE
	EndGlobalSection
	GlobalSection(ExtensibilityGlobals) = postSolution
		SolutionGuid = {80AFFA87-0783-48EE-B06C-0C05F6BBDC1B}
	EndGlobalSection
EndGlobal
